{
    "_meta": {
        "hash": {
            "sha256": "cee47f8e14144217c0bdd7799086fcc7fe4c5dff5ccb7d2a3ddb2546ec95db88"
        },
        "pipfile-spec": 6,
        "requires": {
            "python_version": "3.11"
        },
        "sources": [
            {
                "name": "pypi",
                "url": "https://pypi.org/simple",
                "verify_ssl": true
            }
        ]
    },
    "default": {
        "boto3": {
            "hashes": [
                "sha256:81518aa95fad71279411fb5c94da4b4a554a5d53fc876faca62b7b5c8737f1cb",
                "sha256:f79c15e33eb7706f197d98d828b193cf0891966682ad3ec5e900f6f9e7362e35"
            ],
            "index": "pypi",
            "markers": "python_version >= '3.8'",
            "version": "==1.34.138"
        },
        "botocore": {
            "hashes": [
                "sha256:84e96a954c39a6f09cae4ea95b2ae582b5ae01b5040c92507b60509c9be5377a",
                "sha256:f558bbea96c4a4abbaeeedc477dabb00902311ba1ca6327974a6819b9f384920"
            ],
            "markers": "python_version >= '3.8'",
            "version": "==1.34.138"
        },
        "bson": {
            "hashes": [
                "sha256:d6511b2ab051139a9123c184de1a04227262173ad593429d21e443d6462d6590"
            ],
            "index": "pypi",
            "version": "==0.5.10"
        },
        "certifi": {
            "hashes": [
                "sha256:3cd43f1c6fa7dedc5899d69d3ad0398fd018ad1a17fba83ddaf78aa46c747516",
                "sha256:ddc6c8ce995e6987e7faf5e3f1b02b302836a0e5d98ece18392cb1a36c72ad56"
            ],
            "markers": "python_version >= '3.6'",
            "version": "==2024.6.2"
        },
        "charset-normalizer": {
            "hashes": [
                "sha256:06435b539f889b1f6f4ac1758871aae42dc3a8c0e24ac9e60c2384973ad73027",
                "sha256:06a81e93cd441c56a9b65d8e1d043daeb97a3d0856d177d5c90ba85acb3db087",
                "sha256:0a55554a2fa0d408816b3b5cedf0045f4b8e1a6065aec45849de2d6f3f8e9786",
                "sha256:0b2b64d2bb6d3fb9112bafa732def486049e63de9618b5843bcdd081d8144cd8",
                "sha256:10955842570876604d404661fbccbc9c7e684caf432c09c715ec38fbae45ae09",
                "sha256:122c7fa62b130ed55f8f285bfd56d5f4b4a5b503609d181f9ad85e55c89f4185",
                "sha256:1ceae2f17a9c33cb48e3263960dc5fc8005351ee19db217e9b1bb15d28c02574",
                "sha256:1d3193f4a680c64b4b6a9115943538edb896edc190f0b222e73761716519268e",
                "sha256:1f79682fbe303db92bc2b1136016a38a42e835d932bab5b3b1bfcfbf0640e519",
                "sha256:2127566c664442652f024c837091890cb1942c30937add288223dc895793f898",
                "sha256:22afcb9f253dac0696b5a4be4a1c0f8762f8239e21b99680099abd9b2b1b2269",
                "sha256:25baf083bf6f6b341f4121c2f3c548875ee6f5339300e08be3f2b2ba1721cdd3",
                "sha256:2e81c7b9c8979ce92ed306c249d46894776a909505d8f5a4ba55b14206e3222f",
                "sha256:3287761bc4ee9e33561a7e058c72ac0938c4f57fe49a09eae428fd88aafe7bb6",
                "sha256:34d1c8da1e78d2e001f363791c98a272bb734000fcef47a491c1e3b0505657a8",
                "sha256:37e55c8e51c236f95b033f6fb391d7d7970ba5fe7ff453dad675e88cf303377a",
                "sha256:3d47fa203a7bd9c5b6cee4736ee84ca03b8ef23193c0d1ca99b5089f72645c73",
                "sha256:3e4d1f6587322d2788836a99c69062fbb091331ec940e02d12d179c1d53e25fc",
                "sha256:42cb296636fcc8b0644486d15c12376cb9fa75443e00fb25de0b8602e64c1714",
                "sha256:45485e01ff4d3630ec0d9617310448a8702f70e9c01906b0d0118bdf9d124cf2",
                "sha256:4a78b2b446bd7c934f5dcedc588903fb2f5eec172f3d29e52a9096a43722adfc",
                "sha256:4ab2fe47fae9e0f9dee8c04187ce5d09f48eabe611be8259444906793ab7cbce",
                "sha256:4d0d1650369165a14e14e1e47b372cfcb31d6ab44e6e33cb2d4e57265290044d",
                "sha256:549a3a73da901d5bc3ce8d24e0600d1fa85524c10287f6004fbab87672bf3e1e",
                "sha256:55086ee1064215781fff39a1af09518bc9255b50d6333f2e4c74ca09fac6a8f6",
                "sha256:572c3763a264ba47b3cf708a44ce965d98555f618ca42c926a9c1616d8f34269",
                "sha256:573f6eac48f4769d667c4442081b1794f52919e7edada77495aaed9236d13a96",
                "sha256:5b4c145409bef602a690e7cfad0a15a55c13320ff7a3ad7ca59c13bb8ba4d45d",
                "sha256:6463effa3186ea09411d50efc7d85360b38d5f09b870c48e4600f63af490e56a",
                "sha256:65f6f63034100ead094b8744b3b97965785388f308a64cf8d7c34f2f2e5be0c4",
                "sha256:663946639d296df6a2bb2aa51b60a2454ca1cb29835324c640dafb5ff2131a77",
                "sha256:6897af51655e3691ff853668779c7bad41579facacf5fd7253b0133308cf000d",
                "sha256:68d1f8a9e9e37c1223b656399be5d6b448dea850bed7d0f87a8311f1ff3dabb0",
                "sha256:6ac7ffc7ad6d040517be39eb591cac5ff87416c2537df6ba3cba3bae290c0fed",
                "sha256:6b3251890fff30ee142c44144871185dbe13b11bab478a88887a639655be1068",
                "sha256:6c4caeef8fa63d06bd437cd4bdcf3ffefe6738fb1b25951440d80dc7df8c03ac",
                "sha256:6ef1d82a3af9d3eecdba2321dc1b3c238245d890843e040e41e470ffa64c3e25",
                "sha256:753f10e867343b4511128c6ed8c82f7bec3bd026875576dfd88483c5c73b2fd8",
                "sha256:7cd13a2e3ddeed6913a65e66e94b51d80a041145a026c27e6bb76c31a853c6ab",
                "sha256:7ed9e526742851e8d5cc9e6cf41427dfc6068d4f5a3bb03659444b4cabf6bc26",
                "sha256:7f04c839ed0b6b98b1a7501a002144b76c18fb1c1850c8b98d458ac269e26ed2",
                "sha256:802fe99cca7457642125a8a88a084cef28ff0cf9407060f7b93dca5aa25480db",
                "sha256:80402cd6ee291dcb72644d6eac93785fe2c8b9cb30893c1af5b8fdd753b9d40f",
                "sha256:8465322196c8b4d7ab6d1e049e4c5cb460d0394da4a27d23cc242fbf0034b6b5",
                "sha256:86216b5cee4b06df986d214f664305142d9c76df9b6512be2738aa72a2048f99",
                "sha256:87d1351268731db79e0f8e745d92493ee2841c974128ef629dc518b937d9194c",
                "sha256:8bdb58ff7ba23002a4c5808d608e4e6c687175724f54a5dade5fa8c67b604e4d",
                "sha256:8c622a5fe39a48f78944a87d4fb8a53ee07344641b0562c540d840748571b811",
                "sha256:8d756e44e94489e49571086ef83b2bb8ce311e730092d2c34ca8f7d925cb20aa",
                "sha256:8f4a014bc36d3c57402e2977dada34f9c12300af536839dc38c0beab8878f38a",
                "sha256:9063e24fdb1e498ab71cb7419e24622516c4a04476b17a2dab57e8baa30d6e03",
                "sha256:90d558489962fd4918143277a773316e56c72da56ec7aa3dc3dbbe20fdfed15b",
                "sha256:923c0c831b7cfcb071580d3f46c4baf50f174be571576556269530f4bbd79d04",
                "sha256:95f2a5796329323b8f0512e09dbb7a1860c46a39da62ecb2324f116fa8fdc85c",
                "sha256:96b02a3dc4381e5494fad39be677abcb5e6634bf7b4fa83a6dd3112607547001",
                "sha256:9f96df6923e21816da7e0ad3fd47dd8f94b2a5ce594e00677c0013018b813458",
                "sha256:a10af20b82360ab00827f916a6058451b723b4e65030c5a18577c8b2de5b3389",
                "sha256:a50aebfa173e157099939b17f18600f72f84eed3049e743b68ad15bd69b6bf99",
                "sha256:a981a536974bbc7a512cf44ed14938cf01030a99e9b3a06dd59578882f06f985",
                "sha256:a9a8e9031d613fd2009c182b69c7b2c1ef8239a0efb1df3f7c8da66d5dd3d537",
                "sha256:ae5f4161f18c61806f411a13b0310bea87f987c7d2ecdbdaad0e94eb2e404238",
                "sha256:aed38f6e4fb3f5d6bf81bfa990a07806be9d83cf7bacef998ab1a9bd660a581f",
                "sha256:b01b88d45a6fcb69667cd6d2f7a9aeb4bf53760d7fc536bf679ec94fe9f3ff3d",
                "sha256:b261ccdec7821281dade748d088bb6e9b69e6d15b30652b74cbbac25e280b796",
                "sha256:b2b0a0c0517616b6869869f8c581d4eb2dd83a4d79e0ebcb7d373ef9956aeb0a",
                "sha256:b4a23f61ce87adf89be746c8a8974fe1c823c891d8f86eb218bb957c924bb143",
                "sha256:bd8f7df7d12c2db9fab40bdd87a7c09b1530128315d047a086fa3ae3435cb3a8",
                "sha256:beb58fe5cdb101e3a055192ac291b7a21e3b7ef4f67fa1d74e331a7f2124341c",
                "sha256:c002b4ffc0be611f0d9da932eb0f704fe2602a9a949d1f738e4c34c75b0863d5",
                "sha256:c083af607d2515612056a31f0a8d9e0fcb5876b7bfc0abad3ecd275bc4ebc2d5",
                "sha256:c180f51afb394e165eafe4ac2936a14bee3eb10debc9d9e4db8958fe36afe711",
                "sha256:c235ebd9baae02f1b77bcea61bce332cb4331dc3617d254df3323aa01ab47bd4",
                "sha256:cd70574b12bb8a4d2aaa0094515df2463cb429d8536cfb6c7ce983246983e5a6",
                "sha256:d0eccceffcb53201b5bfebb52600a5fb483a20b61da9dbc885f8b103cbe7598c",
                "sha256:d965bba47ddeec8cd560687584e88cf699fd28f192ceb452d1d7ee807c5597b7",
                "sha256:db364eca23f876da6f9e16c9da0df51aa4f104a972735574842618b8c6d999d4",
                "sha256:ddbb2551d7e0102e7252db79ba445cdab71b26640817ab1e3e3648dad515003b",
                "sha256:deb6be0ac38ece9ba87dea880e438f25ca3eddfac8b002a2ec3d9183a454e8ae",
                "sha256:e06ed3eb3218bc64786f7db41917d4e686cc4856944f53d5bdf83a6884432e12",
                "sha256:e27ad930a842b4c5eb8ac0016b0a54f5aebbe679340c26101df33424142c143c",
                "sha256:e537484df0d8f426ce2afb2d0f8e1c3d0b114b83f8850e5f2fbea0e797bd82ae",
                "sha256:eb00ed941194665c332bf8e078baf037d6c35d7c4f3102ea2d4f16ca94a26dc8",
                "sha256:eb6904c354526e758fda7167b33005998fb68c46fbc10e013ca97f21ca5c8887",
                "sha256:eb8821e09e916165e160797a6c17edda0679379a4be5c716c260e836e122f54b",
                "sha256:efcb3f6676480691518c177e3b465bcddf57cea040302f9f4e6e191af91174d4",
                "sha256:f27273b60488abe721a075bcca6d7f3964f9f6f067c8c4c605743023d7d3944f",
                "sha256:f30c3cb33b24454a82faecaf01b19c18562b1e89558fb6c56de4d9118a032fd5",
                "sha256:fb69256e180cb6c8a894fee62b3afebae785babc1ee98b81cdf68bbca1987f33",
                "sha256:fd1abc0d89e30cc4e02e4064dc67fcc51bd941eb395c502aac3ec19fab46b519",
                "sha256:ff8fa367d09b717b2a17a052544193ad76cd49979c805768879cb63d9ca50561"
            ],
            "markers": "python_full_version >= '3.7.0'",
            "version": "==3.3.2"
        },
        "confluent-kafka": {
            "hashes": [
                "sha256:0591645e709ea8392f8d41b9ff752f1cdb57c71730c9be2deae3184303d3efaf",
                "sha256:07f38339da116527d9516a0b1899b499ebfe5f906ef54c0780a309ebee585c12",
                "sha256:0c1b89e1bd790dd82b64a4dd746e7a0ce3ebed7f17b0642d488c1bb0056ba763",
                "sha256:108bc30e1153734cd36d88a299c7cf0c69fe6c95d67f4cce9f9180adaefef839",
                "sha256:15d356dd1c7699ed332f262bf0aa825a177c50f7debca0f1ec14873531603b2d",
                "sha256:16be3360f040b5d17dcb7e1b66a170b72f428c98d0978705b0a3081de756b2c7",
                "sha256:201c6182304c5864c8a1b1aae2f99bf51fa332017abbec05a3a1fb2ff242c41d",
                "sha256:2858fb428f29086df2a50554d9093d176ec4b1f76240a62efe136acc493f7fb6",
                "sha256:3b02cd0eb338a8dc5db0ea07243bbf457670655a3846732f81a091b8e3d5d456",
                "sha256:3cf1b40ae59569e50ba15da1dc0030bac904b74d8aff82f02a16df3bb9b87e53",
                "sha256:40d18f1bd1bac6d2cf8dbf47da11cdb82d077b26a81ea551136515a1079ec532",
                "sha256:45e6f719f6bd95210e0451b50cd19f33a44d7b16be560217240caa71f165420d",
                "sha256:4c74a06a658f72dd0f6df9b0fbfc5b1b483b3263fde6abd925bba512879995cc",
                "sha256:506c867d987ab78494fc94ec6a966ddcb3ce3cb75809e098060d654d280281e0",
                "sha256:52f937ab1cde9aacb01288293d374bf09da728b79cf907504dec8f3c4f82030e",
                "sha256:5b5dd225596325159eee928caba47e0cf3f03ce3c8244371457a1823d7c66c22",
                "sha256:6a2b81902b0c824549f85f49774535285242b1472e52ab0a18260526840a8ecf",
                "sha256:78f6776aca06c81308c8be66c754a3b8281a20dd9af697b2cfcb5c2272878df9",
                "sha256:827820321e0ac6a7f75f119f7ab4dcbbbd59c95d7807f6eb79f03a4cb6b9ab25",
                "sha256:8a5e9cc9fff71c70f1520ab917f33cf66181b29c46cf9940da1af6a52cc086a6",
                "sha256:9608b8b1145a0b41e6c6949ac9ec974e74f1ed2d065b26eae73e208668fa20cf",
                "sha256:9ac7120919a4189018120a40da8d9c05bd6e024f60638901483bb6a46c45a115",
                "sha256:a11acfd79f0448095c6492d2ea34cd3df4864d78d72326bed0859d875eb7a62d",
                "sha256:a28bf5b59f28e3357d113cc8c50ba09389dcc3327ca13cc502e9c3228f2ab5dc",
                "sha256:a8b440684a22d9239b857d1be065ea2844537ff20bb675c75e7a9e2adbd5ce9a",
                "sha256:b0d5a2d7563b9ca9bef09668d6aae6e360f1e9455672dc0886d78d76ced682c9",
                "sha256:baaf1022972bd213bf20cfccb1b13b613d7ab13ebcafacd65220bd5908f5e460",
                "sha256:c2e9e1dd2238e5b55cf541c9dbd3e665531418e0cc965e6143f593f64a3f79a5",
                "sha256:c661f4c014f78ee478667a5018fb62ec2a4b61322410a9be314bdbf6ead481d7",
                "sha256:cbe32df72b9d7fee198cf12eb3770270d99b122613b0e3abfb55a13294f6a54a",
                "sha256:d09aa0c67532c47ec6cd08c50feaa8338e77d18fc83181c46e5a5cb88a5b25ce",
                "sha256:d338e8189f5836b916c632e0f2db9a197352c199db7323ca3f2bd1785cb9a747",
                "sha256:dd53d58a6648e4d5e435ff5178248b91af050a4478ed51a95b2b0eaedddafdb1",
                "sha256:f2e39794270088157f65e5b2b5ba7e0217759412de20088f5873bdb176084ab3"
            ],
            "index": "pypi",
            "version": "==2.4.0"
        },
        "faker": {
            "hashes": [
                "sha256:0f60978314973de02c00474c2ae899785a42b2cf4f41b7987e93c132a2b8a4a9",
                "sha256:886ee28219be96949cd21ecc96c4c742ee1680e77f687b095202c8def1a08f06"
            ],
            "index": "pypi",
            "markers": "python_version >= '3.8'",
            "version": "==26.0.0"
        },
        "fastnumbers": {
            "hashes": [
                "sha256:027bb3ff52d02e06178e522f9af024482f2e2f17852236fc817367e5bfb91012",
                "sha256:101c66a9f85ecda1f38efc56919810dcc78fb98f67acf6c9ee3ad223b1641dad",
                "sha256:147a3a3e2f1d24b292d1d92ed0048a80f44a776331ae5c4fb1174b7023b0b159",
                "sha256:155a112e8dd6838f918916dcd70939a2cff1169ffa95f528305e2f6f681b2cd6",
                "sha256:1839074fccd139aeeae92990e12c922831bb1cce3c32a904a649896d6e847eac",
                "sha256:18b5fef6c7bdf79fa6b34b5b1c1801d8bf484a766e0910eaf092bb8e1e472a52",
                "sha256:1cc4aa407c4022b5762b4077b23f5f08992f4101a6d05256e7586cb71e45aea4",
                "sha256:1d321bbfb8cf03e65dba8cb8f08bc58e2026f7c27418ecb0258a6e66c1a11f26",
                "sha256:29dcea067bc10667807ce5ad1f2b68b7565b16a016233fca4ae890ea5cec133c",
                "sha256:2a01cfeb96bdfd6af4e68ec3e5fbf61e8be181e611c262274d45562b985d7d3f",
                "sha256:2ab367bc72e33596b81af73ac2f0166c2e62207f8f0c2c7ca5c6f8e5e2b58ba2",
                "sha256:2bde11e6ba82c7a1cd55ff233c728f23a8ae43449eb68bce2b07d5e571ded390",
                "sha256:2d5181909960cdda55511dd98344deabfa0b6f497be11e89b0101d1b67da47e1",
                "sha256:32cb7a9df68daca3d533cf5220ddf0e84dfef806e26ee7c968f1e74663e91b0c",
                "sha256:36c47f9c2735b605f13d8f063cc91545e4a4ba5b43c85b700544a7abf4cc51c2",
                "sha256:3cf55fcf589f89641107ec37ffd4938b839fc19d7f3f0c0e7a5600e59f73eaa8",
                "sha256:3ee4e875ec58c3a758815e06839d72a1de37a91af26fb066454e4be6f8dabaa5",
                "sha256:43c083a4214dbca0481bf6caf40421aa45f9e3f4586a389ea5617c03217f40e4",
                "sha256:44c991686e741c09d6202de1f8030e0e478f8724a9c354a923654fa5110b167f",
                "sha256:46e2ad34195d898fc5d6d5698c09294aa76aa9017e0f02b582483b0f0a0f08e8",
                "sha256:47fa32228575d5d346d5b8caf5730a173035a880168283b0c5f7bbf9857a9f12",
                "sha256:49454d102628c49a6791970de28153e3e7a488c2c577013df7f7d72387322348",
                "sha256:4bd1bc206085f3f5a5d0a567de673e81e7db9866da38dc227b134072ac2e001b",
                "sha256:4d30e89056a14aa85a7fba0a95771982dfe723d2e3fce1f40be348c8d105a766",
                "sha256:4da980a0abcb954a330630a70949e5833c973ad14480a34dafc997e8a1e2a6fa",
                "sha256:5f24d680a595ed4268643da4732fa8d1f331140ead89e2909c2b47150b81f4f6",
                "sha256:6b3b0208e138e56c03f69d5c43494901590351c57ac37c21165dfce7806dbb41",
                "sha256:6d96fa5aa9429c227f4090d493d753bfaa93b2244669db25d873728c195c69b1",
                "sha256:6f9c61b98998f2f35654d7adc162687c82aed8e834dfcfd38c71c492935299c1",
                "sha256:710139fc7f71a73465213cbbb103e0d246272478be420e65087cba6153f37c06",
                "sha256:7126b56756c341f83a0855f5b7a15a78f083ba94a6ea3320f03ad614a22fcd18",
                "sha256:759cb37003e712b5d6ea30221197cf3f493fe08f3b54e3271118111e59b3376b",
                "sha256:77eac64616affcfb085ac23f180f3e135f084d1a2d6be237e7eadc1a07306817",
                "sha256:7a5ef71e8a821cd5e53726305351bb505f52b6ab895734130eccabd01308f26b",
                "sha256:7b0cc5f57429106d034f2eb4777d81a836172da9801cb9d3f9e41b8067167c0c",
                "sha256:7d21e373055f6cdcfa030d1cb280251d21d05af868bef6ada6fa9d952183a1d2",
                "sha256:809b989112f1db1118e1a577227dc3db9815f5593c96ee0c57eaff2c2e814a69",
                "sha256:82548b8b897ecd23b4409633389549984fcd7225d96dfd9d5ee5706dcaf4e72a",
                "sha256:8560a6a04e8febbf9429ac3a27a46a41ff9c80536c2685a012de60ae80af4953",
                "sha256:8eebdd67e59d09a306928afa7cbeb9c240d0c0e77491de2b6053b46e9b19b8ef",
                "sha256:93e4f302db5320cf105b2ba9cfdb428135c7f5ecc6da7ac0bb70f6658b51696a",
                "sha256:93eec14e2b34e17483f822bb36fc69de07e827d387fe19d30d19409a844e483d",
                "sha256:9c29f40c329d303ce5b123d0ac438a9a167625b808824129111c5502db6e6102",
                "sha256:aa73eae3ba30214344b82f06e52a00181508fef451f78f0b72d7c7b0e451d421",
                "sha256:b68d7dd7abb37570200d021ef348b9c34801939d2d3eaeb3abaea04b08340598",
                "sha256:b8c275ad985d0f621c0f2182c3beca469b1d7d934d11086cad855189987dec34",
                "sha256:bae3490133961c1ea770ba2d1573353bf6afc13ce83bee173ba0c1ad26cc102e",
                "sha256:bbec36feef2d0d2664aa318982f704c8e43c49c3d089c5bebe28f7c74c0cbee2",
                "sha256:bfc95929203c72ccb6777142547d43c0b94a8eb262e9f324b9a351114b684161",
                "sha256:c15d6d57b0c8f4649dfe7626808fee421a3854bc5721398f6dd283b1a8826fe5",
                "sha256:c34f56dc23c53caea9c0f6545cbb7b6524b2ad0e8f02b3f77243cffe2eaa4ecc",
                "sha256:c978010133a1a4d05eee7f1853fb45967e3284de02136bfe748f793c30304b33",
                "sha256:cc97dd874c5856b6d833c668e0e6d2194e7b77a50fd2241d05589d2cd5f1e986",
                "sha256:ce65dded4dc6ba6cacb370591a4d13bc6aa82c72550eea27fe5e102fc3533f99",
                "sha256:d2a06698370398c3c5c91f2f961755ef86f9a222407edc753451e4119c369eed",
                "sha256:d8d73d7d16b9e79a264d5eba2d05fecf3d952156e381cddc54738649f3203723",
                "sha256:dd8a27be4a3d41de2d700a376dbab6b189ecbecbedec1f119525179792192741",
                "sha256:e063262f508307838be325711493e4f4054c029e7532b6143f465b17e9627dad",
                "sha256:e092d33f8b95c3171a2fb34e579efe0c54b0290dd7f96ffaa2762437601d90a7",
                "sha256:e26836c209d2f4f3042cdfc82a11786e0cdf28e95e87b0d737e29d976b2ea0ea",
                "sha256:e47feec59999d299ae1b66fa5735b86f01d641f710303f4690a97af0c240055e",
                "sha256:e61100f7eaa85cec1288af4329a11212e1829f72d5ba780fb37be480d7a1ae57",
                "sha256:ec87b68374d764c282e6d3c7904c734819e3f4fcc6c81696be10e9ccfecc008b",
                "sha256:f27dc851e09901ccd911adc2ddb2b0b43cb21aa661b64ede96a566f7ae32d8e4",
                "sha256:fa0136ffd2317b7f89165c1fa754f3617b3a89b77eb9c42e6b270c3dde01b5ec"
            ],
            "index": "pypi",
            "markers": "python_version >= '3.7'",
            "version": "==5.1.0"
        },
        "idna": {
            "hashes": [
                "sha256:028ff3aadf0609c1fd278d8ea3089299412a7a8b9bd005dd08b9f8285bcb5cfc",
                "sha256:82fee1fc78add43492d3a1898bfa6d8a904cc97d8427f683ed8e798d07761aa0"
            ],
            "markers": "python_version >= '3.5'",
            "version": "==3.7"
        },
        "jmespath": {
            "hashes": [
                "sha256:02e2e4cc71b5bcab88332eebf907519190dd9e6e82107fa7f83b1003a6252980",
                "sha256:90261b206d6defd58fdd5e85f478bf633a2901798906be2ad389150c5c60edbe"
            ],
            "markers": "python_version >= '3.7'",
            "version": "==1.0.1"
        },
        "paho-mqtt": {
            "hashes": [
                "sha256:12d6e7511d4137555a3f6ea167ae846af2c7357b10bc6fa4f7c3968fc1723834",
                "sha256:6db9ba9b34ed5bc6b6e3812718c7e06e2fd7444540df2455d2c51bd58808feee"
            ],
            "index": "pypi",
            "markers": "python_version >= '3.7'",
            "version": "==2.1.0"
        },
        "psycopg": {
            "hashes": [
                "sha256:dc8da6dc8729dacacda3cc2f17d2c9397a70a66cf0d2b69c91065d60d5f00cb7",
                "sha256:ece385fb413a37db332f97c49208b36cf030ff02b199d7635ed2fbd378724175"
            ],
            "index": "pypi",
            "markers": "python_version >= '3.8'",
            "version": "==3.2.1"
        },
        "psycopg2": {
            "hashes": [
                "sha256:121081ea2e76729acfb0673ff33755e8703d45e926e416cb59bae3a86c6a4981",
                "sha256:38a8dcc6856f569068b47de286b472b7c473ac7977243593a288ebce0dc89516",
                "sha256:426f9f29bde126913a20a96ff8ce7d73fd8a216cfb323b1f04da402d452853c3",
                "sha256:5e0d98cade4f0e0304d7d6f25bbfbc5bd186e07b38eac65379309c4ca3193efa",
                "sha256:7e2dacf8b009a1c1e843b5213a87f7c544b2b042476ed7755be813eaf4e8347a",
                "sha256:a7653d00b732afb6fc597e29c50ad28087dcb4fbfb28e86092277a559ae4e693",
                "sha256:ade01303ccf7ae12c356a5e10911c9e1c51136003a9a1d92f7aa9d010fb98372",
                "sha256:bac58c024c9922c23550af2a581998624d6e02350f4ae9c5f0bc642c633a2d5e",
                "sha256:c92811b2d4c9b6ea0285942b2e7cac98a59e166d59c588fe5cfe1eda58e72d59",
                "sha256:d1454bde93fb1e224166811694d600e746430c006fbb031ea06ecc2ea41bf156",
                "sha256:d735786acc7dd25815e89cc4ad529a43af779db2e25aa7c626de864127e5a024",
                "sha256:de80739447af31525feddeb8effd640782cf5998e1a4e9192ebdf829717e3913",
                "sha256:ff432630e510709564c01dafdbe996cb552e0b9f3f065eb89bdce5bd31fabf4c"
            ],
            "index": "pypi",
            "markers": "python_version >= '3.7'",
            "version": "==2.9.9"
        },
        "python-dateutil": {
            "hashes": [
                "sha256:37dd54208da7e1cd875388217d5e00ebd4179249f90fb72437e91a35459a0ad3",
                "sha256:a8b2bc7bffae282281c8140a97d3aa9c14da0b136dfe83f850eea9a5f7470427"
            ],
            "markers": "python_version >= '2.7' and python_version not in '3.0, 3.1, 3.2, 3.3'",
            "version": "==2.9.0.post0"
        },
        "requests": {
            "hashes": [
                "sha256:55365417734eb18255590a9ff9eb97e9e1da868d4ccd6402399eaf68af20a760",
                "sha256:70761cfe03c773ceb22aa2f671b4757976145175cdfca038c02654d061d6dcc6"
            ],
            "index": "pypi",
            "markers": "python_version >= '3.8'",
            "version": "==2.32.3"
        },
        "s3transfer": {
            "hashes": [
                "sha256:0711534e9356d3cc692fdde846b4a1e4b0cb6519971860796e6bc4c7aea00ef6",
                "sha256:eca1c20de70a39daee580aef4986996620f365c4e0fda6a86100231d62f1bf69"
            ],
            "markers": "python_version >= '3.8'",
            "version": "==0.10.2"
        },
        "six": {
            "hashes": [
                "sha256:1e61c37477a1626458e36f7b1d82aa5c9b094fa4802892072e49de9c60c4c926",
                "sha256:8abb2f1d86890a2dfb989f9a77cfcfd3e47c2a354b01111771326f8aa26e0254"
            ],
            "markers": "python_version >= '2.7' and python_version not in '3.0, 3.1, 3.2, 3.3'",
            "version": "==1.16.0"
        },
        "sqlalchemy": {
            "hashes": [
                "sha256:0b0f658414ee4e4b8cbcd4a9bb0fd743c5eeb81fc858ca517217a8013d282c96",
                "sha256:2196208432deebdfe3b22185d46b08f00ac9d7b01284e168c212919891289396",
                "sha256:23b9fbb2f5dd9e630db70fbe47d963c7779e9c81830869bd7d137c2dc1ad05fb",
                "sha256:26a6a9837589c42b16693cf7bf836f5d42218f44d198f9343dd71d3164ceeeac",
                "sha256:2a21c97efcbb9f255d5c12a96ae14da873233597dfd00a3a0c4ce5b3e5e79704",
                "sha256:2e2c38c2a4c5c634fe6c3c58a789712719fa1bf9b9d6ff5ebfce9a9e5b89c1ca",
                "sha256:2fc47dc6185a83c8100b37acda27658fe4dbd33b7d5e7324111f6521008ab4fe",
                "sha256:2fd17e3bb8058359fa61248c52c7b09a97cf3c820e54207a50af529876451808",
                "sha256:352b2770097f41bff6029b280c0e03b217c2dcaddc40726f8f53ed58d8a85da4",
                "sha256:3b74570d99126992d4b0f91fb87c586a574a5872651185de8297c6f90055ae42",
                "sha256:3cb8a66b167b033ec72c3812ffc8441d4e9f5f78f5e31e54dcd4c90a4ca5bebc",
                "sha256:3f9faef422cfbb8fd53716cd14ba95e2ef655400235c3dfad1b5f467ba179c8c",
                "sha256:4b600e9a212ed59355813becbcf282cfda5c93678e15c25a0ef896b354423238",
                "sha256:501ff052229cb79dd4c49c402f6cb03b5a40ae4771efc8bb2bfac9f6c3d3508f",
                "sha256:56d51ae825d20d604583f82c9527d285e9e6d14f9a5516463d9705dab20c3740",
                "sha256:597fec37c382a5442ffd471f66ce12d07d91b281fd474289356b1a0041bdf31d",
                "sha256:5a48ac4d359f058474fadc2115f78a5cdac9988d4f99eae44917f36aa1476327",
                "sha256:5b6cf796d9fcc9b37011d3f9936189b3c8074a02a4ed0c0fbbc126772c31a6d4",
                "sha256:66f63278db425838b3c2b1c596654b31939427016ba030e951b292e32b99553e",
                "sha256:69f3e3c08867a8e4856e92d7afb618b95cdee18e0bc1647b77599722c9a28911",
                "sha256:6e2622844551945db81c26a02f27d94145b561f9d4b0c39ce7bfd2fda5776dac",
                "sha256:6f77c4f042ad493cb8595e2f503c7a4fe44cd7bd59c7582fd6d78d7e7b8ec52c",
                "sha256:74afabeeff415e35525bf7a4ecdab015f00e06456166a2eba7590e49f8db940e",
                "sha256:750900a471d39a7eeba57580b11983030517a1f512c2cb287d5ad0fcf3aebd58",
                "sha256:78fe11dbe37d92667c2c6e74379f75746dc947ee505555a0197cfba9a6d4f1a4",
                "sha256:79a40771363c5e9f3a77f0e28b3302801db08040928146e6808b5b7a40749c88",
                "sha256:7bd112be780928c7f493c1a192cd8c5fc2a2a7b52b790bc5a84203fb4381c6be",
                "sha256:8a41514c1a779e2aa9a19f67aaadeb5cbddf0b2b508843fcd7bafdf4c6864005",
                "sha256:9f2bee229715b6366f86a95d497c347c22ddffa2c7c96143b59a2aa5cc9eebbc",
                "sha256:9fea3d0884e82d1e33226935dac990b967bef21315cbcc894605db3441347443",
                "sha256:afb6dde6c11ea4525318e279cd93c8734b795ac8bb5dda0eedd9ebaca7fa23f1",
                "sha256:b607489dd4a54de56984a0c7656247504bd5523d9d0ba799aef59d4add009484",
                "sha256:b6e22630e89f0e8c12332b2b4c282cb01cf4da0d26795b7eae16702a608e7ca1",
                "sha256:b9c01990d9015df2c6f818aa8f4297d42ee71c9502026bb074e713d496e26b67",
                "sha256:bd15026f77420eb2b324dcb93551ad9c5f22fab2c150c286ef1dc1160f110203",
                "sha256:c06fb43a51ccdff3b4006aafee9fcf15f63f23c580675f7734245ceb6b6a9e05",
                "sha256:c76c81c52e1e08f12f4b6a07af2b96b9b15ea67ccdd40ae17019f1c373faa227",
                "sha256:ccaf1b0c90435b6e430f5dd30a5aede4764942a695552eb3a4ab74ed63c5b8d3",
                "sha256:cd1591329333daf94467e699e11015d9c944f44c94d2091f4ac493ced0119449",
                "sha256:cd5b94d4819c0c89280b7c6109c7b788a576084bf0a480ae17c227b0bc41e109",
                "sha256:d337bf94052856d1b330d5fcad44582a30c532a2463776e1651bd3294ee7e58b",
                "sha256:dc251477eae03c20fae8db9c1c23ea2ebc47331bcd73927cdcaecd02af98d3c3",
                "sha256:dc6d69f8829712a4fd799d2ac8d79bdeff651c2301b081fd5d3fe697bd5b4ab9",
                "sha256:f2a213c1b699d3f5768a7272de720387ae0122f1becf0901ed6eaa1abd1baf6c",
                "sha256:f3ad7f221d8a69d32d197e5968d798217a4feebe30144986af71ada8c548e9fa",
                "sha256:f43e93057cf52a227eda401251c72b6fbe4756f35fa6bfebb5d73b86881e59b0",
                "sha256:f68470edd70c3ac3b6cd5c2a22a8daf18415203ca1b036aaeb9b0fb6f54e8298",
                "sha256:fa4b1af3e619b5b0b435e333f3967612db06351217c58bfb50cee5f003db2a5a",
                "sha256:fc6b14e8602f59c6ba893980bea96571dd0ed83d8ebb9c4479d9ed5425d562e9"
            ],
            "index": "pypi",
            "markers": "python_version >= '3.7'",
            "version": "==2.0.31"
        },
        "typing-extensions": {
            "hashes": [
                "sha256:04e5ca0351e0f3f85c6853954072df659d0d13fac324d0072316b67d7794700d",
                "sha256:1a7ead55c7e559dd4dee8856e3a88b41225abfe1ce8df57b7c13915fe121ffb8"
            ],
            "markers": "python_version >= '3.8'",
            "version": "==4.12.2"
        },
        "urllib3": {
            "hashes": [
                "sha256:a448b2f64d686155468037e1ace9f2d2199776e17f0a46610480d311f73e3472",
                "sha256:dd505485549a7a552833da5e6063639d0d177c04f23bc3864e41e5dc5f612168"
            ],
            "markers": "python_version >= '3.8'",
            "version": "==2.2.2"
        }
    },
    "develop": {
        "black": {
            "hashes": [
                "sha256:257d724c2c9b1660f353b36c802ccece186a30accc7742c176d29c146df6e474",
                "sha256:37aae07b029fa0174d39daf02748b379399b909652a806e5708199bd93899da1",
                "sha256:415e686e87dbbe6f4cd5ef0fbf764af7b89f9057b97c908742b6008cc554b9c0",
                "sha256:48a85f2cb5e6799a9ef05347b476cce6c182d6c71ee36925a6c194d074336ef8",
                "sha256:7768a0dbf16a39aa5e9a3ded568bb545c8c2727396d063bbaf847df05b08cd96",
                "sha256:7e122b1c4fb252fd85df3ca93578732b4749d9be076593076ef4d07a0233c3e1",
                "sha256:88c57dc656038f1ab9f92b3eb5335ee9b021412feaa46330d5eba4e51fe49b04",
                "sha256:8e537d281831ad0e71007dcdcbe50a71470b978c453fa41ce77186bbe0ed6021",
                "sha256:98e123f1d5cfd42f886624d84464f7756f60ff6eab89ae845210631714f6db94",
                "sha256:accf49e151c8ed2c0cdc528691838afd217c50412534e876a19270fea1e28e2d",
                "sha256:b1530ae42e9d6d5b670a34db49a94115a64596bc77710b1d05e9801e62ca0a7c",
                "sha256:b9176b9832e84308818a99a561e90aa479e73c523b3f77afd07913380ae2eab7",
                "sha256:bdde6f877a18f24844e381d45e9947a49e97933573ac9d4345399be37621e26c",
                "sha256:be8bef99eb46d5021bf053114442914baeb3649a89dc5f3a555c88737e5e98fc",
                "sha256:bf10f7310db693bb62692609b397e8d67257c55f949abde4c67f9cc574492cc7",
                "sha256:c872b53057f000085da66a19c55d68f6f8ddcac2642392ad3a355878406fbd4d",
                "sha256:d36ed1124bb81b32f8614555b34cc4259c3fbc7eec17870e8ff8ded335b58d8c",
                "sha256:da33a1a5e49c4122ccdfd56cd021ff1ebc4a1ec4e2d01594fef9b6f267a9e741",
                "sha256:dd1b5a14e417189db4c7b64a6540f31730713d173f0b63e55fabd52d61d8fdce",
                "sha256:e151054aa00bad1f4e1f04919542885f89f5f7d086b8a59e5000e6c616896ffb",
                "sha256:eaea3008c281f1038edb473c1aa8ed8143a5535ff18f978a318f10302b254063",
                "sha256:ef703f83fc32e131e9bcc0a5094cfe85599e7109f896fe8bc96cc402f3eb4b6e"
            ],
            "index": "pypi",
            "markers": "python_version >= '3.8'",
            "version": "==24.4.2"
        },
        "click": {
            "hashes": [
                "sha256:ae74fb96c20a0277a1d615f1e4d73c8414f5a98db8b799a7931d1582f3390c28",
                "sha256:ca9853ad459e787e2192211578cc907e7594e294c7ccc834310722b41b9ca6de"
            ],
            "markers": "python_version >= '3.7'",
            "version": "==8.1.7"
        },
        "flake8": {
            "hashes": [
                "sha256:2e416edcc62471a64cea09353f4e7bdba32aeb079b6e360554c659a122b1bc6a",
                "sha256:48a07b626b55236e0fb4784ee69a465fbf59d79eec1f5b4785c3d3bc57d17aa5"
            ],
            "index": "pypi",
            "markers": "python_full_version >= '3.8.1'",
            "version": "==7.1.0"
        },
        "mccabe": {
            "hashes": [
                "sha256:348e0240c33b60bbdf4e523192ef919f28cb2c3d7d5c7794f74009290f236325",
                "sha256:6c2d30ab6be0e4a46919781807b4f0d834ebdd6c6e3dca0bda5a15f863427b6e"
            ],
            "markers": "python_version >= '3.6'",
            "version": "==0.7.0"
        },
        "mypy-extensions": {
            "hashes": [
                "sha256:4392f6c0eb8a5668a69e23d168ffa70f0be9ccfd32b5cc2d26a34ae5b844552d",
                "sha256:75dbf8955dc00442a438fc4d0666508a9a97b6bd41aa2f0ffe9d2f2725af0782"
            ],
            "markers": "python_version >= '3.5'",
            "version": "==1.0.0"
        },
        "packaging": {
            "hashes": [
                "sha256:026ed72c8ed3fcce5bf8950572258698927fd1dbda10a5e981cdf0ac37f4f002",
                "sha256:5b8f2217dbdbd2f7f384c41c628544e6d52f2d0f53c6d0c3ea61aa5d1d7ff124"
            ],
            "markers": "python_version >= '3.8'",
            "version": "==24.1"
        },
        "pathspec": {
            "hashes": [
                "sha256:a0d503e138a4c123b27490a4f7beda6a01c6f288df0e4a8b79c7eb0dc7b4cc08",
                "sha256:a482d51503a1ab33b1c67a6c3813a26953dbdc71c31dacaef9a838c4e29f5712"
            ],
            "markers": "python_version >= '3.8'",
            "version": "==0.12.1"
        },
        "platformdirs": {
            "hashes": [
                "sha256:2d7a1657e36a80ea911db832a8a6ece5ee53d8de21edd5cc5879af6530b1bfee",
                "sha256:38b7b51f512eed9e84a22788b4bce1de17c0adb134d6becb09836e37d8654cd3"
            ],
            "markers": "python_version >= '3.8'",
            "version": "==4.2.2"
        },
        "pycodestyle": {
            "hashes": [
                "sha256:442f950141b4f43df752dd303511ffded3a04c2b6fb7f65980574f0c31e6e79c",
                "sha256:949a39f6b86c3e1515ba1787c2022131d165a8ad271b11370a8819aa070269e4"
            ],
            "markers": "python_version >= '3.8'",
            "version": "==2.12.0"
        },
        "pyflakes": {
            "hashes": [
                "sha256:1c61603ff154621fb2a9172037d84dca3500def8c8b630657d1701f026f8af3f",
                "sha256:84b5be138a2dfbb40689ca07e2152deb896a65c3a3e24c251c5c62489568074a"
            ],
            "markers": "python_version >= '3.8'",
            "version": "==3.2.0"
        }
    }
}
