{
    "_meta": {
        "hash": {
            "sha256": "9a4337c1a75994b974da607f666cdf73012e327579563be010f216b5088aa353"
        },
        "pipfile-spec": 6,
        "requires": {
            "python_version": "3.11"
        },
        "sources": [
            {
                "name": "pypi",
                "url": "https://pypi.org/simple",
                "verify_ssl": true
            }
        ]
    },
    "default": {
        "boto3": {
            "hashes": [
                "sha256:004e67b078be58d34469406f93cc8b95bc43becef4bbe44523a0b8e51f84c668",
                "sha256:162edf182e53c198137a28432a626dba103f787a8f5000ed4758b73ccd203fa0"
            ],
            "index": "pypi",
            "markers": "python_version >= '3.8'",
            "version": "==1.34.59"
        },
        "botocore": {
            "hashes": [
                "sha256:24edb4d21d7c97dea0c6c4a80d36b3809b1443a30b0bd5e317d6c319dfac823f",
                "sha256:4bc112dafb1679ab571117593f7656604726a3da0e5ae5bad00ea772fa40e75c"
            ],
            "markers": "python_version >= '3.8'",
            "version": "==1.34.59"
        },
        "bson": {
            "hashes": [
                "sha256:d6511b2ab051139a9123c184de1a04227262173ad593429d21e443d6462d6590"
            ],
            "index": "pypi",
            "version": "==0.5.10"
        },
        "confluent-kafka": {
            "hashes": [
                "sha256:030fb237927ec2296882a9bb96237ebf86e48388166b15ec0bbf3fdeb48df81a",
                "sha256:0470dc5e56e639693149961409bc6b663df94d68ceae296ae9c42e079fe65d00",
                "sha256:128ddb28c19ab57c18c0e3d8209d089b6b90ff111b20108764f6798468432693",
                "sha256:1c6b29d57df99dabd45e67fd0aa46f17f195b057734ad84cf9cfdc2542855c10",
                "sha256:1ccf6483d86535627cad7b94982ea95d9fa9ae04ddb552e097c1211ffcde5ea7",
                "sha256:1eba38061e9ed1c0a369c129bf01d07499286cc3cb295398b88a7037c14371fb",
                "sha256:210f2d346d1006e9b95c5204f7255735d4cb5ec962a3d1a68ac60c02e2763ae4",
                "sha256:25292a9a8ef7765c85636851d6c4d5e5e98d6ead627b59637b24a5779e8a4b02",
                "sha256:4069e7b56e0baf9db18c053a605213f0ab2d8f23715dca7b3bd97108df446ced",
                "sha256:4f9998f781a1da0c9dcb5506792a39799cb54e28c6f986ddc73e362887042f7c",
                "sha256:5df845755cd3ebb9165ca00fd1d3a7d514c61e84d9fcbe7babb91193fe9b369c",
                "sha256:62046e8a75c7a6883a0f1f4a635573fd7e1665eeacace65e7f6d59cbaa94697d",
                "sha256:6ae5e6a6dcd5ce85b9153c21c9f0b83e0cc88a5955b5334079db76c2267deb63",
                "sha256:6b46ce75bda0c092da103dbd55cb0ba429c73c232e70b476b19a0ab247ec9057",
                "sha256:7f9f4099aaf2c5daae828d2f356e4277d0ef0485ec883dbe395f0c0e054450d0",
                "sha256:7fd1ab257d4fa0e2a98529e4eb2102cf8352ad6b3d22110d6cf0bb1f598893d9",
                "sha256:9ab2217875b731bd390582952e0f9cbe3e7b34774490f01afca70728f0d8b469",
                "sha256:a6abece28598fa2b59d2b9399fcec03440aaa73fd207fdad048a6030d7e897e1",
                "sha256:af60af786a7b8cbeafea51a9416664b96b0f5ef6243172b0bc59e5f75e8bd86a",
                "sha256:b539064fef35386936a0d2dadf8a82b8b0ae325af95d9263a2431b82671c4702",
                "sha256:bc24c57a52c206648685e1c536afb8447d1cbbbf3871cacebccf2e5b67bdf535",
                "sha256:ca36a8d1d49fd55cca1b7ec3090ca2684a933e63f196f0e3e506194b189fc31e",
                "sha256:cb279e369121e07ccb419220fc039127345a9e5f72f4abf7dda0e2e06a12b604",
                "sha256:cec97f8c6564b16504d30fe42c22fd4a86c406dbcd45c337b93c21e876e20628",
                "sha256:cf015e547b82a74a87d7363d0d42e4cd0ca23b01cdb479639a340f385581ea04",
                "sha256:d55fbdcd75586dd17fe3fe64f4b4efa1c93ce9dd09c275de46f75772826e8860",
                "sha256:d634d4d9914b0a28ec3e37ab7b150173aa34c81fd5bd0b4dcac972b520ad56cc",
                "sha256:e08b601e09a584c6a4a8c323a71e92fca31a8826ed33b5b95b26783b7a996026",
                "sha256:e5c740ead14a2510e15f63e67b19d48ae48a7f30ef4823d5af125bad528033d1",
                "sha256:e9b42bf1b75fdd9aa20c77b27f166f6289440ac649f70622a0117a8e7aa6169d",
                "sha256:ebf460d90478bcd1b4564023a5b081c6e5390b28dbabbb17ee664e223830465d",
                "sha256:ec17b26d6155feeaded4a435ba949095aea9699afb65309d8f22e55722f53c48",
                "sha256:f175e11facaf12130abd5d2d471db39d7cc89126c4d991527cf14e3da22c635c",
                "sha256:f9842720ed0debcf4620710e01d356681a4812441f1ff49664fc205d1f9120e5"
            ],
            "index": "pypi",
            "version": "==2.3.0"
        },
        "faker": {
            "hashes": [
                "sha256:4fb0c16c71ad35d278a5fa7a4106a5c26c2b2b5c5efc47c1d67635db90b6071e",
                "sha256:89ae0932f4f269754790569828859eaa0ae2ce73d1f3eb1f30ae7c20d4daf5ce"
            ],
            "index": "pypi",
            "markers": "python_version >= '3.8'",
            "version": "==24.1.0"
        },
        "fastnumbers": {
            "hashes": [
                "sha256:027bb3ff52d02e06178e522f9af024482f2e2f17852236fc817367e5bfb91012",
                "sha256:101c66a9f85ecda1f38efc56919810dcc78fb98f67acf6c9ee3ad223b1641dad",
                "sha256:147a3a3e2f1d24b292d1d92ed0048a80f44a776331ae5c4fb1174b7023b0b159",
                "sha256:155a112e8dd6838f918916dcd70939a2cff1169ffa95f528305e2f6f681b2cd6",
                "sha256:1839074fccd139aeeae92990e12c922831bb1cce3c32a904a649896d6e847eac",
                "sha256:18b5fef6c7bdf79fa6b34b5b1c1801d8bf484a766e0910eaf092bb8e1e472a52",
                "sha256:1cc4aa407c4022b5762b4077b23f5f08992f4101a6d05256e7586cb71e45aea4",
                "sha256:1d321bbfb8cf03e65dba8cb8f08bc58e2026f7c27418ecb0258a6e66c1a11f26",
                "sha256:29dcea067bc10667807ce5ad1f2b68b7565b16a016233fca4ae890ea5cec133c",
                "sha256:2a01cfeb96bdfd6af4e68ec3e5fbf61e8be181e611c262274d45562b985d7d3f",
                "sha256:2ab367bc72e33596b81af73ac2f0166c2e62207f8f0c2c7ca5c6f8e5e2b58ba2",
                "sha256:2bde11e6ba82c7a1cd55ff233c728f23a8ae43449eb68bce2b07d5e571ded390",
                "sha256:2d5181909960cdda55511dd98344deabfa0b6f497be11e89b0101d1b67da47e1",
                "sha256:32cb7a9df68daca3d533cf5220ddf0e84dfef806e26ee7c968f1e74663e91b0c",
                "sha256:36c47f9c2735b605f13d8f063cc91545e4a4ba5b43c85b700544a7abf4cc51c2",
                "sha256:3cf55fcf589f89641107ec37ffd4938b839fc19d7f3f0c0e7a5600e59f73eaa8",
                "sha256:3ee4e875ec58c3a758815e06839d72a1de37a91af26fb066454e4be6f8dabaa5",
                "sha256:43c083a4214dbca0481bf6caf40421aa45f9e3f4586a389ea5617c03217f40e4",
                "sha256:44c991686e741c09d6202de1f8030e0e478f8724a9c354a923654fa5110b167f",
                "sha256:46e2ad34195d898fc5d6d5698c09294aa76aa9017e0f02b582483b0f0a0f08e8",
                "sha256:47fa32228575d5d346d5b8caf5730a173035a880168283b0c5f7bbf9857a9f12",
                "sha256:49454d102628c49a6791970de28153e3e7a488c2c577013df7f7d72387322348",
                "sha256:4bd1bc206085f3f5a5d0a567de673e81e7db9866da38dc227b134072ac2e001b",
                "sha256:4d30e89056a14aa85a7fba0a95771982dfe723d2e3fce1f40be348c8d105a766",
                "sha256:4da980a0abcb954a330630a70949e5833c973ad14480a34dafc997e8a1e2a6fa",
                "sha256:5f24d680a595ed4268643da4732fa8d1f331140ead89e2909c2b47150b81f4f6",
                "sha256:6b3b0208e138e56c03f69d5c43494901590351c57ac37c21165dfce7806dbb41",
                "sha256:6d96fa5aa9429c227f4090d493d753bfaa93b2244669db25d873728c195c69b1",
                "sha256:6f9c61b98998f2f35654d7adc162687c82aed8e834dfcfd38c71c492935299c1",
                "sha256:710139fc7f71a73465213cbbb103e0d246272478be420e65087cba6153f37c06",
                "sha256:7126b56756c341f83a0855f5b7a15a78f083ba94a6ea3320f03ad614a22fcd18",
                "sha256:759cb37003e712b5d6ea30221197cf3f493fe08f3b54e3271118111e59b3376b",
                "sha256:77eac64616affcfb085ac23f180f3e135f084d1a2d6be237e7eadc1a07306817",
                "sha256:7a5ef71e8a821cd5e53726305351bb505f52b6ab895734130eccabd01308f26b",
                "sha256:7b0cc5f57429106d034f2eb4777d81a836172da9801cb9d3f9e41b8067167c0c",
                "sha256:7d21e373055f6cdcfa030d1cb280251d21d05af868bef6ada6fa9d952183a1d2",
                "sha256:809b989112f1db1118e1a577227dc3db9815f5593c96ee0c57eaff2c2e814a69",
                "sha256:82548b8b897ecd23b4409633389549984fcd7225d96dfd9d5ee5706dcaf4e72a",
                "sha256:8560a6a04e8febbf9429ac3a27a46a41ff9c80536c2685a012de60ae80af4953",
                "sha256:8eebdd67e59d09a306928afa7cbeb9c240d0c0e77491de2b6053b46e9b19b8ef",
                "sha256:93e4f302db5320cf105b2ba9cfdb428135c7f5ecc6da7ac0bb70f6658b51696a",
                "sha256:93eec14e2b34e17483f822bb36fc69de07e827d387fe19d30d19409a844e483d",
                "sha256:9c29f40c329d303ce5b123d0ac438a9a167625b808824129111c5502db6e6102",
                "sha256:aa73eae3ba30214344b82f06e52a00181508fef451f78f0b72d7c7b0e451d421",
                "sha256:b68d7dd7abb37570200d021ef348b9c34801939d2d3eaeb3abaea04b08340598",
                "sha256:b8c275ad985d0f621c0f2182c3beca469b1d7d934d11086cad855189987dec34",
                "sha256:bae3490133961c1ea770ba2d1573353bf6afc13ce83bee173ba0c1ad26cc102e",
                "sha256:bbec36feef2d0d2664aa318982f704c8e43c49c3d089c5bebe28f7c74c0cbee2",
                "sha256:bfc95929203c72ccb6777142547d43c0b94a8eb262e9f324b9a351114b684161",
                "sha256:c15d6d57b0c8f4649dfe7626808fee421a3854bc5721398f6dd283b1a8826fe5",
                "sha256:c34f56dc23c53caea9c0f6545cbb7b6524b2ad0e8f02b3f77243cffe2eaa4ecc",
                "sha256:c978010133a1a4d05eee7f1853fb45967e3284de02136bfe748f793c30304b33",
                "sha256:cc97dd874c5856b6d833c668e0e6d2194e7b77a50fd2241d05589d2cd5f1e986",
                "sha256:ce65dded4dc6ba6cacb370591a4d13bc6aa82c72550eea27fe5e102fc3533f99",
                "sha256:d2a06698370398c3c5c91f2f961755ef86f9a222407edc753451e4119c369eed",
                "sha256:d8d73d7d16b9e79a264d5eba2d05fecf3d952156e381cddc54738649f3203723",
                "sha256:dd8a27be4a3d41de2d700a376dbab6b189ecbecbedec1f119525179792192741",
                "sha256:e063262f508307838be325711493e4f4054c029e7532b6143f465b17e9627dad",
                "sha256:e092d33f8b95c3171a2fb34e579efe0c54b0290dd7f96ffaa2762437601d90a7",
                "sha256:e26836c209d2f4f3042cdfc82a11786e0cdf28e95e87b0d737e29d976b2ea0ea",
                "sha256:e47feec59999d299ae1b66fa5735b86f01d641f710303f4690a97af0c240055e",
                "sha256:e61100f7eaa85cec1288af4329a11212e1829f72d5ba780fb37be480d7a1ae57",
                "sha256:ec87b68374d764c282e6d3c7904c734819e3f4fcc6c81696be10e9ccfecc008b",
                "sha256:f27dc851e09901ccd911adc2ddb2b0b43cb21aa661b64ede96a566f7ae32d8e4",
                "sha256:fa0136ffd2317b7f89165c1fa754f3617b3a89b77eb9c42e6b270c3dde01b5ec"
            ],
            "index": "pypi",
            "markers": "python_version >= '3.7'",
            "version": "==5.1.0"
        },
        "jmespath": {
            "hashes": [
                "sha256:02e2e4cc71b5bcab88332eebf907519190dd9e6e82107fa7f83b1003a6252980",
                "sha256:90261b206d6defd58fdd5e85f478bf633a2901798906be2ad389150c5c60edbe"
            ],
            "markers": "python_version >= '3.7'",
            "version": "==1.0.1"
        },
        "pendulum": {
            "hashes": [
                "sha256:04a1094a5aa1daa34a6b57c865b25f691848c61583fb22722a4df5699f6bf74c",
                "sha256:0a15b90129765b705eb2039062a6daf4d22c4e28d1a54fa260892e8c3ae6e157",
                "sha256:0a78ad3635d609ceb1e97d6aedef6a6a6f93433ddb2312888e668365908c7120",
                "sha256:0c2308af4033fa534f089595bcd40a95a39988ce4059ccd3dc6acb9ef14ca44a",
                "sha256:0c717eab1b6d898c00a3e0fa7781d615b5c5136bbd40abe82be100bb06df7a56",
                "sha256:138afa9c373ee450ede206db5a5e9004fd3011b3c6bbe1e57015395cd076a09f",
                "sha256:17fe4b2c844bbf5f0ece69cfd959fa02957c61317b2161763950d88fed8e13b9",
                "sha256:1a3604e9fbc06b788041b2a8b78f75c243021e0f512447806a6d37ee5214905d",
                "sha256:1c134ba2f0571d0b68b83f6972e2307a55a5a849e7dac8505c715c531d2a8795",
                "sha256:2165a8f33cb15e06c67070b8afc87a62b85c5a273e3aaa6bc9d15c93a4920d6f",
                "sha256:22e7944ffc1f0099a79ff468ee9630c73f8c7835cd76fdb57ef7320e6a409df4",
                "sha256:235d64e87946d8f95c796af34818c76e0f88c94d624c268693c85b723b698aa9",
                "sha256:28f49d8d1e32aae9c284a90b6bb3873eee15ec6e1d9042edd611b22a94ac462f",
                "sha256:2cf9e53ef11668e07f73190c805dbdf07a1939c3298b78d5a9203a86775d1bfd",
                "sha256:2e169cc2ca419517f397811bbe4589cf3cd13fca6dc38bb352ba15ea90739ebb",
                "sha256:314c4038dc5e6a52991570f50edb2f08c339debdf8cea68ac355b32c4174e820",
                "sha256:3725245c0352c95d6ca297193192020d1b0c0f83d5ee6bb09964edc2b5a2d508",
                "sha256:385680812e7e18af200bb9b4a49777418c32422d05ad5a8eb85144c4a285907b",
                "sha256:3b1f74d1e6ffe5d01d6023870e2ce5c2191486928823196f8575dcc786e107b1",
                "sha256:3d897eb50883cc58d9b92f6405245f84b9286cd2de6e8694cb9ea5cb15195a32",
                "sha256:3ddd1d66d1a714ce43acfe337190be055cdc221d911fc886d5a3aae28e14b76d",
                "sha256:409e64e41418c49f973d43a28afe5df1df4f1dd87c41c7c90f1a63f61ae0f1f7",
                "sha256:4386bffeca23c4b69ad50a36211f75b35a4deb6210bdca112ac3043deb7e494a",
                "sha256:440215347b11914ae707981b9a57ab9c7b6983ab0babde07063c6ee75c0dc6e7",
                "sha256:4b2c5675769fb6d4c11238132962939b960fcb365436b6d623c5864287faa319",
                "sha256:4e8e36a8130819d97a479a0e7bf379b66b3b1b520e5dc46bd7eb14634338df8c",
                "sha256:597e66e63cbd68dd6d58ac46cb7a92363d2088d37ccde2dae4332ef23e95cd00",
                "sha256:5acb1d386337415f74f4d1955c4ce8d0201978c162927d07df8eb0692b2d8533",
                "sha256:5b0ec85b9045bd49dd3a3493a5e7ddfd31c36a2a60da387c419fa04abcaecb23",
                "sha256:5d034998dea404ec31fae27af6b22cff1708f830a1ed7353be4d1019bb9f584e",
                "sha256:5ebc65ea033ef0281368217fbf59f5cb05b338ac4dd23d60959c7afcd79a60a0",
                "sha256:60fb6f415fea93a11c52578eaa10594568a6716602be8430b167eb0d730f3332",
                "sha256:660434a6fcf6303c4efd36713ca9212c753140107ee169a3fc6c49c4711c2a05",
                "sha256:6a881d9c2a7f85bc9adafcfe671df5207f51f5715ae61f5d838b77a1356e8b7b",
                "sha256:6c035f03a3e565ed132927e2c1b691de0dbf4eb53b02a5a3c5a97e1a64e17bec",
                "sha256:6c58227ac260d5b01fc1025176d7b31858c9f62595737f350d22124a9a3ad82d",
                "sha256:729e9f93756a2cdfa77d0fc82068346e9731c7e884097160603872686e570f07",
                "sha256:773c3bc4ddda2dda9f1b9d51fe06762f9200f3293d75c4660c19b2614b991d83",
                "sha256:77d8839e20f54706aed425bec82a83b4aec74db07f26acd039905d1237a5e1d4",
                "sha256:78f8f4e7efe5066aca24a7a57511b9c2119f5c2b5eb81c46ff9222ce11e0a7a5",
                "sha256:7dc843253ac373358ffc0711960e2dd5b94ab67530a3e204d85c6e8cb2c5fa10",
                "sha256:822172853d7a9cf6da95d7b66a16c7160cb99ae6df55d44373888181d7a06edc",
                "sha256:825799c6b66e3734227756fa746cc34b3549c48693325b8b9f823cb7d21b19ac",
                "sha256:826d6e258052715f64d05ae0fc9040c0151e6a87aae7c109ba9a0ed930ce4000",
                "sha256:83a44e8b40655d0ba565a5c3d1365d27e3e6778ae2a05b69124db9e471255c4a",
                "sha256:83d9031f39c6da9677164241fd0d37fbfc9dc8ade7043b5d6d62f56e81af8ad2",
                "sha256:840de1b49cf1ec54c225a2a6f4f0784d50bd47f68e41dc005b7f67c7d5b5f3ae",
                "sha256:860aa9b8a888e5913bd70d819306749e5eb488e6b99cd6c47beb701b22bdecf5",
                "sha256:8af95e03e066826f0f4c65811cbee1b3123d4a45a1c3a2b4fc23c4b0dff893b5",
                "sha256:92c307ae7accebd06cbae4729f0ba9fa724df5f7d91a0964b1b972a22baa482b",
                "sha256:99a0f8172e19f3f0c0e4ace0ad1595134d5243cf75985dc2233e8f9e8de263ca",
                "sha256:9a59637cdb8462bdf2dbcb9d389518c0263799189d773ad5c11db6b13064fa79",
                "sha256:9eec91cd87c59fb32ec49eb722f375bd58f4be790cae11c1b70fac3ee4f00da0",
                "sha256:a38ad2121c5ec7c4c190c7334e789c3b4624798859156b138fcc4d92295835dc",
                "sha256:a5346d08f3f4a6e9e672187faa179c7bf9227897081d7121866358af369f44f9",
                "sha256:a6fc26907eb5fb8cc6188cc620bc2075a6c534d981a2f045daa5f79dfe50d512",
                "sha256:a789e12fbdefaffb7b8ac67f9d8f22ba17a3050ceaaa635cd1cc4645773a4b1e",
                "sha256:a90d4d504e82ad236afac9adca4d6a19e4865f717034fc69bafb112c320dcc8f",
                "sha256:ac65eeec2250d03106b5e81284ad47f0d417ca299a45e89ccc69e36130ca8bc7",
                "sha256:ad5e65b874b5e56bd942546ea7ba9dd1d6a25121db1c517700f1c9de91b28518",
                "sha256:ad769e98dc07972e24afe0cff8d365cb6f0ebc7e65620aa1976fcfbcadc4c6f3",
                "sha256:afde30e8146292b059020fbc8b6f8fd4a60ae7c5e6f0afef937bbb24880bdf01",
                "sha256:b11aceea5b20b4b5382962b321dbc354af0defe35daa84e9ff3aae3c230df694",
                "sha256:b30a137e9e0d1f751e60e67d11fc67781a572db76b2296f7b4d44554761049d6",
                "sha256:b69f6b4dbcb86f2c2fe696ba991e67347bcf87fe601362a1aba6431454b46bde",
                "sha256:bb8f6d7acd67a67d6fedd361ad2958ff0539445ef51cbe8cd288db4306503cd0",
                "sha256:c95984037987f4a457bb760455d9ca80467be792236b69d0084f228a8ada0162",
                "sha256:d29c6e578fe0f893766c0d286adbf0b3c726a4e2341eba0917ec79c50274ec16",
                "sha256:d2aae97087872ef152a0c40e06100b3665d8cb86b59bc8471ca7c26132fccd0f",
                "sha256:d4cdecde90aec2d67cebe4042fd2a87a4441cc02152ed7ed8fb3ebb110b94ec4",
                "sha256:d4e2512f4e1a4670284a153b214db9719eb5d14ac55ada5b76cbdb8c5c00399d",
                "sha256:d7762d2076b9b1cb718a6631ad6c16c23fc3fac76cbb8c454e81e80be98daa34",
                "sha256:d9fef18ab0386ef6a9ac7bad7e43ded42c83ff7ad412f950633854f90d59afa8",
                "sha256:dc00f8110db6898360c53c812872662e077eaf9c75515d53ecc65d886eec209a",
                "sha256:deaba8e16dbfcb3d7a6b5fabdd5a38b7c982809567479987b9c89572df62e027",
                "sha256:dee9e5a48c6999dc1106eb7eea3e3a50e98a50651b72c08a87ee2154e544b33e",
                "sha256:dfbcf1661d7146d7698da4b86e7f04814221081e9fe154183e34f4c5f5fa3bf8",
                "sha256:e586acc0b450cd21cbf0db6bae386237011b75260a3adceddc4be15334689a9a",
                "sha256:f17c3084a4524ebefd9255513692f7e7360e23c8853dc6f10c64cc184e1217ab",
                "sha256:fa30af36bd8e50686846bdace37cf6707bdd044e5cb6e1109acbad3277232e04",
                "sha256:fb551b9b5e6059377889d2d878d940fd0bbb80ae4810543db18e6f77b02c5ef6",
                "sha256:fd69b15374bef7e4b4440612915315cc42e8575fcda2a3d7586a0d88192d0c88",
                "sha256:fde4d0b2024b9785f66b7f30ed59281bd60d63d9213cda0eb0910ead777f6d37"
            ],
            "index": "pypi",
            "markers": "python_version >= '3.8'",
            "version": "==3.0.0"
        },
        "python-dateutil": {
            "hashes": [
                "sha256:37dd54208da7e1cd875388217d5e00ebd4179249f90fb72437e91a35459a0ad3",
                "sha256:a8b2bc7bffae282281c8140a97d3aa9c14da0b136dfe83f850eea9a5f7470427"
            ],
            "markers": "python_version >= '2.7' and python_version not in '3.0, 3.1, 3.2, 3.3'",
            "version": "==2.9.0.post0"
        },
        "s3transfer": {
            "hashes": [
                "sha256:3cdb40f5cfa6966e812209d0994f2a4709b561c88e90cf00c2696d2df4e56b2e",
                "sha256:d0c8bbf672d5eebbe4e57945e23b972d963f07d82f661cabf678a5c88831595b"
            ],
            "markers": "python_version >= '3.8'",
            "version": "==0.10.0"
        },
        "six": {
            "hashes": [
                "sha256:1e61c37477a1626458e36f7b1d82aa5c9b094fa4802892072e49de9c60c4c926",
                "sha256:8abb2f1d86890a2dfb989f9a77cfcfd3e47c2a354b01111771326f8aa26e0254"
            ],
            "markers": "python_version >= '2.7' and python_version not in '3.0, 3.1, 3.2, 3.3'",
            "version": "==1.16.0"
        },
        "time-machine": {
            "hashes": [
                "sha256:029cd697f9cd13b4701e256eb79d995f6728e80da0c825028c22035a2c222720",
                "sha256:094e4149091f8f12691f71ecae8c8830e1cd23e5e22448a74c4e5a05310fd1cd",
                "sha256:10e30c8e9b5ef1e4b10e588d3e789888ff2a94bcc9120d300954116a5d83556b",
                "sha256:14a82de9b00ed8427e4b9136a6d8e10a8c330b5cea62b5813fbedde978701c4a",
                "sha256:17f0c84329af5eb24544ac9f7097c20df3777cfce2cce8c1c4595055bef78102",
                "sha256:26bf274f6b591ddc0f41e54b4b3a74d83748177dd96c5cfb8496adae1ada00ab",
                "sha256:2c3e83e6976a3e0521fce8fd4a6d38d9385ea129cc433fb7a66c0918a499b18c",
                "sha256:2f5666edb45201679786611b2f016ad5d655acc675e6f62f6d4e62891dbcdfe4",
                "sha256:380d0a0ebda70637629ec18e1ca0ee098c04268a71d18852a3c4317fca7d7393",
                "sha256:3c784c6bcc82856ca69f8cf26ce56f2cf06a113d340d929c41921d03f6b17b38",
                "sha256:3e1b006d483d11f0dfe64b2a7f17d5fa16c3fd2940042731f5b3bd1533c7d827",
                "sha256:412ace2c9053a7f4c513d8723f78bec3a5c2b4721e6bbf60f33de94abc88503a",
                "sha256:451583aecfc6b41805a6685b72cefd65c068313bcb39a1a6e246cbcccfda71d2",
                "sha256:4a2670120780ad67c327f065eed03be917209cecd6fb0e9ada29720dbc1411e9",
                "sha256:4df6ee8f1ed9d9ca4aa7750e5cfc0d8bc0143c2cac068258af5bad5f50e3b3e8",
                "sha256:669ae68799cbce72b09fb896a4a2c4314255f64dd5d68845b0aea71f32c082f5",
                "sha256:6a04eee7c5832efc57203bbd0d1d7b11ce52dbd35ae592edfdd4c25808471d06",
                "sha256:6aadb4bd780c5f89e55ac27d92192daff9cf7f307686798755f660a1f4ed3665",
                "sha256:6b6559d8fac58d99a90c518f0a559de62b6ceff2fe9c3410eb78acdc3e16cfe4",
                "sha256:6c02dac22ed1669045bd39d214a5c52e097fee82fdb8d665700ff9f6cb499cfe",
                "sha256:6ce0f17783620fab245a7695e854cd7ecfb3c2cc6ccd5542d43ac3ecdb0100a3",
                "sha256:6ed812603f0233770faba6f7e60f5ed04bae1a5290c8159f19cb8c6888f99fc1",
                "sha256:6f5a5b20bde09ec4ab3143c94848b8323190c4aefab129f92da9e50b4f55d173",
                "sha256:74be790ced84b063d4c63ec7618d9b2404f3e79c1397750197a046b303829eef",
                "sha256:7552d38b1f985feaa3eb3142873881e96ca07be02137b60414daf709bab36a2c",
                "sha256:7aab93218e9ad394164d69de164a81a4dce5a8b4528a07b77de806e422032fe2",
                "sha256:7d3e37eb8243415a8b6429099f191a8a83483e64aba9e04b21184ce9a1b6b1e6",
                "sha256:892ee00cc176c9da6b465cf9d44da408fa3297d72fcb45aec1aac09d8e381f22",
                "sha256:8c36e9ecdf9afc729ba5c137f906a13bf24d16255871f3bb623b9d129859f3fa",
                "sha256:8d0d56a67b4656ae527b8152dd682642e31735559de653619116e92ab345b86a",
                "sha256:8f96ed5e7fe3cae13b23ff1c4e93c7f90165289b477b34f1da3fa1277bb0f5a6",
                "sha256:9227c26a8d9e0cb0727917aa6470855320bde85f65deba58b988a8c0cc04bf9a",
                "sha256:932cfde6024f9cd8874a0d3b4651db49fe72cbd144edc7b00153d5729ba75379",
                "sha256:9ca7c08ded824e6ae138280524d9ebcceaf50623e5263f24e38a28259215fb37",
                "sha256:9d2fac0e454c3aa63c10b331f5349fa2c961d58c4d430113f14698aac9565b3c",
                "sha256:9e5a9ff08c585b8aac5d3db80a828dc549f5962c07297e1441e04cb0825464ac",
                "sha256:a4e1a3c8bca77201dc6684d3c1d65d3ca4249872beb7ee9283c0b6e2df5cb677",
                "sha256:a59bee89bf015f3ff1db012436bc7905fd99a4aa827d2feb73f1301afb0cb5c6",
                "sha256:ae871acd4121c510e6822a649e0c511ad4301d7cb92431ffc99e662c64f9ba9d",
                "sha256:b1076afb7825122a89a7be157d3a02f69f07d6fa0bacfaec463c71ac0488bd58",
                "sha256:b604d904dbe5aa36be37df61b47c15d87c359764dadb70f3a8eae7191e382bd4",
                "sha256:b6daf1ff062855ae4723fdb0e7d7f47bcd0b3d9b17496d63fbb1ef66907486e2",
                "sha256:b99c8da2623dcb6c5cc05bd07138886d21fdab9081295f5783dfd799f9b91065",
                "sha256:ba9c2da2cef0b0350beaaa7031acba5296cdc2146e59083f9b1ecd9036ff1cb9",
                "sha256:c0124430457b4a5d4c33f739ea858bfbcdacba7cd0c72cc6c607d016a0bcac13",
                "sha256:c7a55717b8e3a153e4b7a9b6f551cd89e9d037db7e7732fc909c436d94e79628",
                "sha256:cb603f46281c2d7f5c9607dd195107c9642af9bb36806386f66087b2741d0327",
                "sha256:cb9f6c62a205f12f6f054a027df221927f8066b2bca2b82477793291460410fa",
                "sha256:dace63a21873a11ee2800cd765d35e295b78645477fe824283172e0f5ed87e93",
                "sha256:dd12a0be7f8cf5ea5617e7a6fed3800c1cf26976e5932058bcab1ce962e9bb0d",
                "sha256:e00a9cff6df58cfe584ab55cbb21acdaa3ecc6d75414d59cf65726b2e3d90a6c",
                "sha256:e66796ba8d7adfe23deb03560eeaeb4ca7c11af43ad6cadadc7d3211ee6b696f",
                "sha256:f01da787c2ac4c05e3722e94bf70da9698548c13ccfe6ca44ca2633c4b1cc24d",
                "sha256:f163cbc66bcc76adcfdc8b649d3de51c3281b2193c4e753786d1af81582660fb",
                "sha256:f92693a7ceedde14d507e906a26600ef11b80ca17cccfa91906266510f07b024",
                "sha256:fb90ffdbc67fa5a35948f10c1b3e6658e8db474468f6a64f8e8a2ab611eea047"
            ],
            "markers": "implementation_name != 'pypy'",
            "version": "==2.14.0"
        },
        "tzdata": {
            "hashes": [
                "sha256:2674120f8d891909751c38abcdfd386ac0a5a1127954fbc332af6b5ceae07efd",
                "sha256:9068bc196136463f5245e51efda838afa15aaeca9903f49050dfa2679db4d252"
            ],
            "markers": "python_version >= '2'",
            "version": "==2024.1"
        },
        "urllib3": {
            "hashes": [
                "sha256:c97dfde1f7bd43a71c8d2a58e369e9b2bf692d1334ea9f9cae55add7d0dd0f84",
                "sha256:fdb6d215c776278489906c2f8916e6e7d4f5a9b602ccbcfdf7f016fc8da0596e"
            ],
            "markers": "python_version >= '3.10'",
            "version": "==2.0.7"
        }
    },
    "develop": {
        "black": {
            "hashes": [
                "sha256:057c3dc602eaa6fdc451069bd027a1b2635028b575a6c3acfd63193ced20d9c8",
                "sha256:08654d0797e65f2423f850fc8e16a0ce50925f9337fb4a4a176a7aa4026e63f8",
                "sha256:163baf4ef40e6897a2a9b83890e59141cc8c2a98f2dda5080dc15c00ee1e62cd",
                "sha256:1e08fb9a15c914b81dd734ddd7fb10513016e5ce7e6704bdd5e1251ceee51ac9",
                "sha256:4dd76e9468d5536abd40ffbc7a247f83b2324f0c050556d9c371c2b9a9a95e31",
                "sha256:4f9de21bafcba9683853f6c96c2d515e364aee631b178eaa5145fc1c61a3cc92",
                "sha256:61a0391772490ddfb8a693c067df1ef5227257e72b0e4108482b8d41b5aee13f",
                "sha256:6981eae48b3b33399c8757036c7f5d48a535b962a7c2310d19361edeef64ce29",
                "sha256:7e53a8c630f71db01b28cd9602a1ada68c937cbf2c333e6ed041390d6968faf4",
                "sha256:810d445ae6069ce64030c78ff6127cd9cd178a9ac3361435708b907d8a04c693",
                "sha256:93601c2deb321b4bad8f95df408e3fb3943d85012dddb6121336b8e24a0d1218",
                "sha256:992e451b04667116680cb88f63449267c13e1ad134f30087dec8527242e9862a",
                "sha256:9db528bccb9e8e20c08e716b3b09c6bdd64da0dd129b11e160bf082d4642ac23",
                "sha256:a0057f800de6acc4407fe75bb147b0c2b5cbb7c3ed110d3e5999cd01184d53b0",
                "sha256:ba15742a13de85e9b8f3239c8f807723991fbfae24bad92d34a2b12e81904982",
                "sha256:bce4f25c27c3435e4dace4815bcb2008b87e167e3bf4ee47ccdc5ce906eb4894",
                "sha256:ca610d29415ee1a30a3f30fab7a8f4144e9d34c89a235d81292a1edb2b55f540",
                "sha256:d533d5e3259720fdbc1b37444491b024003e012c5173f7d06825a77508085430",
                "sha256:d84f29eb3ee44859052073b7636533ec995bd0f64e2fb43aeceefc70090e752b",
                "sha256:e37c99f89929af50ffaf912454b3e3b47fd64109659026b678c091a4cd450fb2",
                "sha256:e8a6ae970537e67830776488bca52000eaa37fa63b9988e8c487458d9cd5ace6",
                "sha256:faf2ee02e6612577ba0181f4347bcbcf591eb122f7841ae5ba233d12c39dcb4d"
            ],
            "index": "pypi",
            "markers": "python_version >= '3.8'",
            "version": "==24.2.0"
        },
        "click": {
            "hashes": [
                "sha256:ae74fb96c20a0277a1d615f1e4d73c8414f5a98db8b799a7931d1582f3390c28",
                "sha256:ca9853ad459e787e2192211578cc907e7594e294c7ccc834310722b41b9ca6de"
            ],
            "markers": "python_version >= '3.7'",
            "version": "==8.1.7"
        },
        "flake8": {
            "hashes": [
                "sha256:33f96621059e65eec474169085dc92bf26e7b2d47366b70be2f67ab80dc25132",
                "sha256:a6dfbb75e03252917f2473ea9653f7cd799c3064e54d4c8140044c5c065f53c3"
            ],
            "index": "pypi",
            "markers": "python_full_version >= '3.8.1'",
            "version": "==7.0.0"
        },
        "mccabe": {
            "hashes": [
                "sha256:348e0240c33b60bbdf4e523192ef919f28cb2c3d7d5c7794f74009290f236325",
                "sha256:6c2d30ab6be0e4a46919781807b4f0d834ebdd6c6e3dca0bda5a15f863427b6e"
            ],
            "markers": "python_version >= '3.6'",
            "version": "==0.7.0"
        },
        "mypy-extensions": {
            "hashes": [
                "sha256:4392f6c0eb8a5668a69e23d168ffa70f0be9ccfd32b5cc2d26a34ae5b844552d",
                "sha256:75dbf8955dc00442a438fc4d0666508a9a97b6bd41aa2f0ffe9d2f2725af0782"
            ],
            "markers": "python_version >= '3.5'",
            "version": "==1.0.0"
        },
        "packaging": {
            "hashes": [
                "sha256:2ddfb553fdf02fb784c234c7ba6ccc288296ceabec964ad2eae3777778130bc5",
                "sha256:eb82c5e3e56209074766e6885bb04b8c38a0c015d0a30036ebe7ece34c9989e9"
            ],
            "markers": "python_version >= '3.7'",
            "version": "==24.0"
        },
        "pathspec": {
            "hashes": [
                "sha256:a0d503e138a4c123b27490a4f7beda6a01c6f288df0e4a8b79c7eb0dc7b4cc08",
                "sha256:a482d51503a1ab33b1c67a6c3813a26953dbdc71c31dacaef9a838c4e29f5712"
            ],
            "markers": "python_version >= '3.8'",
            "version": "==0.12.1"
        },
        "platformdirs": {
            "hashes": [
                "sha256:0614df2a2f37e1a662acbd8e2b25b92ccf8632929bc6d43467e17fe89c75e068",
                "sha256:ef0cc731df711022c174543cb70a9b5bd22e5a9337c8624ef2c2ceb8ddad8768"
            ],
            "markers": "python_version >= '3.8'",
            "version": "==4.2.0"
        },
        "pycodestyle": {
            "hashes": [
                "sha256:41ba0e7afc9752dfb53ced5489e89f8186be00e599e712660695b7a75ff2663f",
                "sha256:44fe31000b2d866f2e41841b18528a505fbd7fef9017b04eff4e2648a0fadc67"
            ],
            "markers": "python_version >= '3.8'",
            "version": "==2.11.1"
        },
        "pyflakes": {
            "hashes": [
                "sha256:1c61603ff154621fb2a9172037d84dca3500def8c8b630657d1701f026f8af3f",
                "sha256:84b5be138a2dfbb40689ca07e2152deb896a65c3a3e24c251c5c62489568074a"
            ],
            "markers": "python_version >= '3.8'",
            "version": "==3.2.0"
        }
    }
}
