{
    "_meta": {
        "hash": {
            "sha256": "64a28cdde8e50099504dcd0e0d7a714382bdfba19005a22fcef35f63ea90b8b5"
        },
        "pipfile-spec": 6,
        "requires": {
            "python_version": "3.11"
        },
        "sources": [
            {
                "name": "pypi",
                "url": "https://pypi.org/simple",
                "verify_ssl": true
            }
        ]
    },
    "default": {
        "boto3": {
            "hashes": [
                "sha256:530a4cea3d40a6bd2f15a368ea395beef1ea6dff4491823bc48bd20c7d4da655",
                "sha256:8c598382e8fb61cfa8f75056197e9b509eb52039ebc291af3b1096241ba2542c"
            ],
            "index": "pypi",
            "markers": "python_version >= '3.8'",
            "version": "==1.34.76"
        },
        "botocore": {
            "hashes": [
                "sha256:62e45e7374844ee39e86a96fe7f5e973eb5bf3469da028b4e3a8caba0909fb1f",
                "sha256:68be44487a95132fccbc0b836fded4190dae30324f6bf822e1b6efd385ffdc83"
            ],
            "markers": "python_version >= '3.8'",
            "version": "==1.34.76"
        },
        "bson": {
            "hashes": [
                "sha256:d6511b2ab051139a9123c184de1a04227262173ad593429d21e443d6462d6590"
            ],
            "index": "pypi",
            "version": "==0.5.10"
        },
        "confluent-kafka": {
            "hashes": [
                "sha256:030fb237927ec2296882a9bb96237ebf86e48388166b15ec0bbf3fdeb48df81a",
                "sha256:0470dc5e56e639693149961409bc6b663df94d68ceae296ae9c42e079fe65d00",
                "sha256:128ddb28c19ab57c18c0e3d8209d089b6b90ff111b20108764f6798468432693",
                "sha256:1c6b29d57df99dabd45e67fd0aa46f17f195b057734ad84cf9cfdc2542855c10",
                "sha256:1ccf6483d86535627cad7b94982ea95d9fa9ae04ddb552e097c1211ffcde5ea7",
                "sha256:1eba38061e9ed1c0a369c129bf01d07499286cc3cb295398b88a7037c14371fb",
                "sha256:210f2d346d1006e9b95c5204f7255735d4cb5ec962a3d1a68ac60c02e2763ae4",
                "sha256:25292a9a8ef7765c85636851d6c4d5e5e98d6ead627b59637b24a5779e8a4b02",
                "sha256:4069e7b56e0baf9db18c053a605213f0ab2d8f23715dca7b3bd97108df446ced",
                "sha256:4f9998f781a1da0c9dcb5506792a39799cb54e28c6f986ddc73e362887042f7c",
                "sha256:5df845755cd3ebb9165ca00fd1d3a7d514c61e84d9fcbe7babb91193fe9b369c",
                "sha256:62046e8a75c7a6883a0f1f4a635573fd7e1665eeacace65e7f6d59cbaa94697d",
                "sha256:6ae5e6a6dcd5ce85b9153c21c9f0b83e0cc88a5955b5334079db76c2267deb63",
                "sha256:6b46ce75bda0c092da103dbd55cb0ba429c73c232e70b476b19a0ab247ec9057",
                "sha256:7f9f4099aaf2c5daae828d2f356e4277d0ef0485ec883dbe395f0c0e054450d0",
                "sha256:7fd1ab257d4fa0e2a98529e4eb2102cf8352ad6b3d22110d6cf0bb1f598893d9",
                "sha256:9ab2217875b731bd390582952e0f9cbe3e7b34774490f01afca70728f0d8b469",
                "sha256:a6abece28598fa2b59d2b9399fcec03440aaa73fd207fdad048a6030d7e897e1",
                "sha256:af60af786a7b8cbeafea51a9416664b96b0f5ef6243172b0bc59e5f75e8bd86a",
                "sha256:b539064fef35386936a0d2dadf8a82b8b0ae325af95d9263a2431b82671c4702",
                "sha256:bc24c57a52c206648685e1c536afb8447d1cbbbf3871cacebccf2e5b67bdf535",
                "sha256:ca36a8d1d49fd55cca1b7ec3090ca2684a933e63f196f0e3e506194b189fc31e",
                "sha256:cb279e369121e07ccb419220fc039127345a9e5f72f4abf7dda0e2e06a12b604",
                "sha256:cec97f8c6564b16504d30fe42c22fd4a86c406dbcd45c337b93c21e876e20628",
                "sha256:cf015e547b82a74a87d7363d0d42e4cd0ca23b01cdb479639a340f385581ea04",
                "sha256:d55fbdcd75586dd17fe3fe64f4b4efa1c93ce9dd09c275de46f75772826e8860",
                "sha256:d634d4d9914b0a28ec3e37ab7b150173aa34c81fd5bd0b4dcac972b520ad56cc",
                "sha256:e08b601e09a584c6a4a8c323a71e92fca31a8826ed33b5b95b26783b7a996026",
                "sha256:e5c740ead14a2510e15f63e67b19d48ae48a7f30ef4823d5af125bad528033d1",
                "sha256:e9b42bf1b75fdd9aa20c77b27f166f6289440ac649f70622a0117a8e7aa6169d",
                "sha256:ebf460d90478bcd1b4564023a5b081c6e5390b28dbabbb17ee664e223830465d",
                "sha256:ec17b26d6155feeaded4a435ba949095aea9699afb65309d8f22e55722f53c48",
                "sha256:f175e11facaf12130abd5d2d471db39d7cc89126c4d991527cf14e3da22c635c",
                "sha256:f9842720ed0debcf4620710e01d356681a4812441f1ff49664fc205d1f9120e5"
            ],
            "index": "pypi",
            "version": "==2.3.0"
        },
        "faker": {
            "hashes": [
                "sha256:998c29ee7d64429bd59204abffa9ba11f784fb26c7b9df4def78d1a70feb36a7",
                "sha256:a5ddccbe97ab691fad6bd8036c31f5697cfaa550e62e000078d1935fa8a7ec2e"
            ],
            "index": "pypi",
            "markers": "python_version >= '3.8'",
            "version": "==24.4.0"
        },
        "fastnumbers": {
            "hashes": [
                "sha256:027bb3ff52d02e06178e522f9af024482f2e2f17852236fc817367e5bfb91012",
                "sha256:101c66a9f85ecda1f38efc56919810dcc78fb98f67acf6c9ee3ad223b1641dad",
                "sha256:147a3a3e2f1d24b292d1d92ed0048a80f44a776331ae5c4fb1174b7023b0b159",
                "sha256:155a112e8dd6838f918916dcd70939a2cff1169ffa95f528305e2f6f681b2cd6",
                "sha256:1839074fccd139aeeae92990e12c922831bb1cce3c32a904a649896d6e847eac",
                "sha256:18b5fef6c7bdf79fa6b34b5b1c1801d8bf484a766e0910eaf092bb8e1e472a52",
                "sha256:1cc4aa407c4022b5762b4077b23f5f08992f4101a6d05256e7586cb71e45aea4",
                "sha256:1d321bbfb8cf03e65dba8cb8f08bc58e2026f7c27418ecb0258a6e66c1a11f26",
                "sha256:29dcea067bc10667807ce5ad1f2b68b7565b16a016233fca4ae890ea5cec133c",
                "sha256:2a01cfeb96bdfd6af4e68ec3e5fbf61e8be181e611c262274d45562b985d7d3f",
                "sha256:2ab367bc72e33596b81af73ac2f0166c2e62207f8f0c2c7ca5c6f8e5e2b58ba2",
                "sha256:2bde11e6ba82c7a1cd55ff233c728f23a8ae43449eb68bce2b07d5e571ded390",
                "sha256:2d5181909960cdda55511dd98344deabfa0b6f497be11e89b0101d1b67da47e1",
                "sha256:32cb7a9df68daca3d533cf5220ddf0e84dfef806e26ee7c968f1e74663e91b0c",
                "sha256:36c47f9c2735b605f13d8f063cc91545e4a4ba5b43c85b700544a7abf4cc51c2",
                "sha256:3cf55fcf589f89641107ec37ffd4938b839fc19d7f3f0c0e7a5600e59f73eaa8",
                "sha256:3ee4e875ec58c3a758815e06839d72a1de37a91af26fb066454e4be6f8dabaa5",
                "sha256:43c083a4214dbca0481bf6caf40421aa45f9e3f4586a389ea5617c03217f40e4",
                "sha256:44c991686e741c09d6202de1f8030e0e478f8724a9c354a923654fa5110b167f",
                "sha256:46e2ad34195d898fc5d6d5698c09294aa76aa9017e0f02b582483b0f0a0f08e8",
                "sha256:47fa32228575d5d346d5b8caf5730a173035a880168283b0c5f7bbf9857a9f12",
                "sha256:49454d102628c49a6791970de28153e3e7a488c2c577013df7f7d72387322348",
                "sha256:4bd1bc206085f3f5a5d0a567de673e81e7db9866da38dc227b134072ac2e001b",
                "sha256:4d30e89056a14aa85a7fba0a95771982dfe723d2e3fce1f40be348c8d105a766",
                "sha256:4da980a0abcb954a330630a70949e5833c973ad14480a34dafc997e8a1e2a6fa",
                "sha256:5f24d680a595ed4268643da4732fa8d1f331140ead89e2909c2b47150b81f4f6",
                "sha256:6b3b0208e138e56c03f69d5c43494901590351c57ac37c21165dfce7806dbb41",
                "sha256:6d96fa5aa9429c227f4090d493d753bfaa93b2244669db25d873728c195c69b1",
                "sha256:6f9c61b98998f2f35654d7adc162687c82aed8e834dfcfd38c71c492935299c1",
                "sha256:710139fc7f71a73465213cbbb103e0d246272478be420e65087cba6153f37c06",
                "sha256:7126b56756c341f83a0855f5b7a15a78f083ba94a6ea3320f03ad614a22fcd18",
                "sha256:759cb37003e712b5d6ea30221197cf3f493fe08f3b54e3271118111e59b3376b",
                "sha256:77eac64616affcfb085ac23f180f3e135f084d1a2d6be237e7eadc1a07306817",
                "sha256:7a5ef71e8a821cd5e53726305351bb505f52b6ab895734130eccabd01308f26b",
                "sha256:7b0cc5f57429106d034f2eb4777d81a836172da9801cb9d3f9e41b8067167c0c",
                "sha256:7d21e373055f6cdcfa030d1cb280251d21d05af868bef6ada6fa9d952183a1d2",
                "sha256:809b989112f1db1118e1a577227dc3db9815f5593c96ee0c57eaff2c2e814a69",
                "sha256:82548b8b897ecd23b4409633389549984fcd7225d96dfd9d5ee5706dcaf4e72a",
                "sha256:8560a6a04e8febbf9429ac3a27a46a41ff9c80536c2685a012de60ae80af4953",
                "sha256:8eebdd67e59d09a306928afa7cbeb9c240d0c0e77491de2b6053b46e9b19b8ef",
                "sha256:93e4f302db5320cf105b2ba9cfdb428135c7f5ecc6da7ac0bb70f6658b51696a",
                "sha256:93eec14e2b34e17483f822bb36fc69de07e827d387fe19d30d19409a844e483d",
                "sha256:9c29f40c329d303ce5b123d0ac438a9a167625b808824129111c5502db6e6102",
                "sha256:aa73eae3ba30214344b82f06e52a00181508fef451f78f0b72d7c7b0e451d421",
                "sha256:b68d7dd7abb37570200d021ef348b9c34801939d2d3eaeb3abaea04b08340598",
                "sha256:b8c275ad985d0f621c0f2182c3beca469b1d7d934d11086cad855189987dec34",
                "sha256:bae3490133961c1ea770ba2d1573353bf6afc13ce83bee173ba0c1ad26cc102e",
                "sha256:bbec36feef2d0d2664aa318982f704c8e43c49c3d089c5bebe28f7c74c0cbee2",
                "sha256:bfc95929203c72ccb6777142547d43c0b94a8eb262e9f324b9a351114b684161",
                "sha256:c15d6d57b0c8f4649dfe7626808fee421a3854bc5721398f6dd283b1a8826fe5",
                "sha256:c34f56dc23c53caea9c0f6545cbb7b6524b2ad0e8f02b3f77243cffe2eaa4ecc",
                "sha256:c978010133a1a4d05eee7f1853fb45967e3284de02136bfe748f793c30304b33",
                "sha256:cc97dd874c5856b6d833c668e0e6d2194e7b77a50fd2241d05589d2cd5f1e986",
                "sha256:ce65dded4dc6ba6cacb370591a4d13bc6aa82c72550eea27fe5e102fc3533f99",
                "sha256:d2a06698370398c3c5c91f2f961755ef86f9a222407edc753451e4119c369eed",
                "sha256:d8d73d7d16b9e79a264d5eba2d05fecf3d952156e381cddc54738649f3203723",
                "sha256:dd8a27be4a3d41de2d700a376dbab6b189ecbecbedec1f119525179792192741",
                "sha256:e063262f508307838be325711493e4f4054c029e7532b6143f465b17e9627dad",
                "sha256:e092d33f8b95c3171a2fb34e579efe0c54b0290dd7f96ffaa2762437601d90a7",
                "sha256:e26836c209d2f4f3042cdfc82a11786e0cdf28e95e87b0d737e29d976b2ea0ea",
                "sha256:e47feec59999d299ae1b66fa5735b86f01d641f710303f4690a97af0c240055e",
                "sha256:e61100f7eaa85cec1288af4329a11212e1829f72d5ba780fb37be480d7a1ae57",
                "sha256:ec87b68374d764c282e6d3c7904c734819e3f4fcc6c81696be10e9ccfecc008b",
                "sha256:f27dc851e09901ccd911adc2ddb2b0b43cb21aa661b64ede96a566f7ae32d8e4",
                "sha256:fa0136ffd2317b7f89165c1fa754f3617b3a89b77eb9c42e6b270c3dde01b5ec"
            ],
            "index": "pypi",
            "markers": "python_version >= '3.7'",
            "version": "==5.1.0"
        },
        "jmespath": {
            "hashes": [
                "sha256:02e2e4cc71b5bcab88332eebf907519190dd9e6e82107fa7f83b1003a6252980",
                "sha256:90261b206d6defd58fdd5e85f478bf633a2901798906be2ad389150c5c60edbe"
            ],
            "markers": "python_version >= '3.7'",
            "version": "==1.0.1"
        },
        "pendulum": {
            "hashes": [
                "sha256:04a1094a5aa1daa34a6b57c865b25f691848c61583fb22722a4df5699f6bf74c",
                "sha256:0a15b90129765b705eb2039062a6daf4d22c4e28d1a54fa260892e8c3ae6e157",
                "sha256:0a78ad3635d609ceb1e97d6aedef6a6a6f93433ddb2312888e668365908c7120",
                "sha256:0c2308af4033fa534f089595bcd40a95a39988ce4059ccd3dc6acb9ef14ca44a",
                "sha256:0c717eab1b6d898c00a3e0fa7781d615b5c5136bbd40abe82be100bb06df7a56",
                "sha256:138afa9c373ee450ede206db5a5e9004fd3011b3c6bbe1e57015395cd076a09f",
                "sha256:17fe4b2c844bbf5f0ece69cfd959fa02957c61317b2161763950d88fed8e13b9",
                "sha256:1a3604e9fbc06b788041b2a8b78f75c243021e0f512447806a6d37ee5214905d",
                "sha256:1c134ba2f0571d0b68b83f6972e2307a55a5a849e7dac8505c715c531d2a8795",
                "sha256:2165a8f33cb15e06c67070b8afc87a62b85c5a273e3aaa6bc9d15c93a4920d6f",
                "sha256:22e7944ffc1f0099a79ff468ee9630c73f8c7835cd76fdb57ef7320e6a409df4",
                "sha256:235d64e87946d8f95c796af34818c76e0f88c94d624c268693c85b723b698aa9",
                "sha256:28f49d8d1e32aae9c284a90b6bb3873eee15ec6e1d9042edd611b22a94ac462f",
                "sha256:2cf9e53ef11668e07f73190c805dbdf07a1939c3298b78d5a9203a86775d1bfd",
                "sha256:2e169cc2ca419517f397811bbe4589cf3cd13fca6dc38bb352ba15ea90739ebb",
                "sha256:314c4038dc5e6a52991570f50edb2f08c339debdf8cea68ac355b32c4174e820",
                "sha256:3725245c0352c95d6ca297193192020d1b0c0f83d5ee6bb09964edc2b5a2d508",
                "sha256:385680812e7e18af200bb9b4a49777418c32422d05ad5a8eb85144c4a285907b",
                "sha256:3b1f74d1e6ffe5d01d6023870e2ce5c2191486928823196f8575dcc786e107b1",
                "sha256:3d897eb50883cc58d9b92f6405245f84b9286cd2de6e8694cb9ea5cb15195a32",
                "sha256:3ddd1d66d1a714ce43acfe337190be055cdc221d911fc886d5a3aae28e14b76d",
                "sha256:409e64e41418c49f973d43a28afe5df1df4f1dd87c41c7c90f1a63f61ae0f1f7",
                "sha256:4386bffeca23c4b69ad50a36211f75b35a4deb6210bdca112ac3043deb7e494a",
                "sha256:440215347b11914ae707981b9a57ab9c7b6983ab0babde07063c6ee75c0dc6e7",
                "sha256:4b2c5675769fb6d4c11238132962939b960fcb365436b6d623c5864287faa319",
                "sha256:4e8e36a8130819d97a479a0e7bf379b66b3b1b520e5dc46bd7eb14634338df8c",
                "sha256:597e66e63cbd68dd6d58ac46cb7a92363d2088d37ccde2dae4332ef23e95cd00",
                "sha256:5acb1d386337415f74f4d1955c4ce8d0201978c162927d07df8eb0692b2d8533",
                "sha256:5b0ec85b9045bd49dd3a3493a5e7ddfd31c36a2a60da387c419fa04abcaecb23",
                "sha256:5d034998dea404ec31fae27af6b22cff1708f830a1ed7353be4d1019bb9f584e",
                "sha256:5ebc65ea033ef0281368217fbf59f5cb05b338ac4dd23d60959c7afcd79a60a0",
                "sha256:60fb6f415fea93a11c52578eaa10594568a6716602be8430b167eb0d730f3332",
                "sha256:660434a6fcf6303c4efd36713ca9212c753140107ee169a3fc6c49c4711c2a05",
                "sha256:6a881d9c2a7f85bc9adafcfe671df5207f51f5715ae61f5d838b77a1356e8b7b",
                "sha256:6c035f03a3e565ed132927e2c1b691de0dbf4eb53b02a5a3c5a97e1a64e17bec",
                "sha256:6c58227ac260d5b01fc1025176d7b31858c9f62595737f350d22124a9a3ad82d",
                "sha256:729e9f93756a2cdfa77d0fc82068346e9731c7e884097160603872686e570f07",
                "sha256:773c3bc4ddda2dda9f1b9d51fe06762f9200f3293d75c4660c19b2614b991d83",
                "sha256:77d8839e20f54706aed425bec82a83b4aec74db07f26acd039905d1237a5e1d4",
                "sha256:78f8f4e7efe5066aca24a7a57511b9c2119f5c2b5eb81c46ff9222ce11e0a7a5",
                "sha256:7dc843253ac373358ffc0711960e2dd5b94ab67530a3e204d85c6e8cb2c5fa10",
                "sha256:822172853d7a9cf6da95d7b66a16c7160cb99ae6df55d44373888181d7a06edc",
                "sha256:825799c6b66e3734227756fa746cc34b3549c48693325b8b9f823cb7d21b19ac",
                "sha256:826d6e258052715f64d05ae0fc9040c0151e6a87aae7c109ba9a0ed930ce4000",
                "sha256:83a44e8b40655d0ba565a5c3d1365d27e3e6778ae2a05b69124db9e471255c4a",
                "sha256:83d9031f39c6da9677164241fd0d37fbfc9dc8ade7043b5d6d62f56e81af8ad2",
                "sha256:840de1b49cf1ec54c225a2a6f4f0784d50bd47f68e41dc005b7f67c7d5b5f3ae",
                "sha256:860aa9b8a888e5913bd70d819306749e5eb488e6b99cd6c47beb701b22bdecf5",
                "sha256:8af95e03e066826f0f4c65811cbee1b3123d4a45a1c3a2b4fc23c4b0dff893b5",
                "sha256:92c307ae7accebd06cbae4729f0ba9fa724df5f7d91a0964b1b972a22baa482b",
                "sha256:99a0f8172e19f3f0c0e4ace0ad1595134d5243cf75985dc2233e8f9e8de263ca",
                "sha256:9a59637cdb8462bdf2dbcb9d389518c0263799189d773ad5c11db6b13064fa79",
                "sha256:9eec91cd87c59fb32ec49eb722f375bd58f4be790cae11c1b70fac3ee4f00da0",
                "sha256:a38ad2121c5ec7c4c190c7334e789c3b4624798859156b138fcc4d92295835dc",
                "sha256:a5346d08f3f4a6e9e672187faa179c7bf9227897081d7121866358af369f44f9",
                "sha256:a6fc26907eb5fb8cc6188cc620bc2075a6c534d981a2f045daa5f79dfe50d512",
                "sha256:a789e12fbdefaffb7b8ac67f9d8f22ba17a3050ceaaa635cd1cc4645773a4b1e",
                "sha256:a90d4d504e82ad236afac9adca4d6a19e4865f717034fc69bafb112c320dcc8f",
                "sha256:ac65eeec2250d03106b5e81284ad47f0d417ca299a45e89ccc69e36130ca8bc7",
                "sha256:ad5e65b874b5e56bd942546ea7ba9dd1d6a25121db1c517700f1c9de91b28518",
                "sha256:ad769e98dc07972e24afe0cff8d365cb6f0ebc7e65620aa1976fcfbcadc4c6f3",
                "sha256:afde30e8146292b059020fbc8b6f8fd4a60ae7c5e6f0afef937bbb24880bdf01",
                "sha256:b11aceea5b20b4b5382962b321dbc354af0defe35daa84e9ff3aae3c230df694",
                "sha256:b30a137e9e0d1f751e60e67d11fc67781a572db76b2296f7b4d44554761049d6",
                "sha256:b69f6b4dbcb86f2c2fe696ba991e67347bcf87fe601362a1aba6431454b46bde",
                "sha256:bb8f6d7acd67a67d6fedd361ad2958ff0539445ef51cbe8cd288db4306503cd0",
                "sha256:c95984037987f4a457bb760455d9ca80467be792236b69d0084f228a8ada0162",
                "sha256:d29c6e578fe0f893766c0d286adbf0b3c726a4e2341eba0917ec79c50274ec16",
                "sha256:d2aae97087872ef152a0c40e06100b3665d8cb86b59bc8471ca7c26132fccd0f",
                "sha256:d4cdecde90aec2d67cebe4042fd2a87a4441cc02152ed7ed8fb3ebb110b94ec4",
                "sha256:d4e2512f4e1a4670284a153b214db9719eb5d14ac55ada5b76cbdb8c5c00399d",
                "sha256:d7762d2076b9b1cb718a6631ad6c16c23fc3fac76cbb8c454e81e80be98daa34",
                "sha256:d9fef18ab0386ef6a9ac7bad7e43ded42c83ff7ad412f950633854f90d59afa8",
                "sha256:dc00f8110db6898360c53c812872662e077eaf9c75515d53ecc65d886eec209a",
                "sha256:deaba8e16dbfcb3d7a6b5fabdd5a38b7c982809567479987b9c89572df62e027",
                "sha256:dee9e5a48c6999dc1106eb7eea3e3a50e98a50651b72c08a87ee2154e544b33e",
                "sha256:dfbcf1661d7146d7698da4b86e7f04814221081e9fe154183e34f4c5f5fa3bf8",
                "sha256:e586acc0b450cd21cbf0db6bae386237011b75260a3adceddc4be15334689a9a",
                "sha256:f17c3084a4524ebefd9255513692f7e7360e23c8853dc6f10c64cc184e1217ab",
                "sha256:fa30af36bd8e50686846bdace37cf6707bdd044e5cb6e1109acbad3277232e04",
                "sha256:fb551b9b5e6059377889d2d878d940fd0bbb80ae4810543db18e6f77b02c5ef6",
                "sha256:fd69b15374bef7e4b4440612915315cc42e8575fcda2a3d7586a0d88192d0c88",
                "sha256:fde4d0b2024b9785f66b7f30ed59281bd60d63d9213cda0eb0910ead777f6d37"
            ],
            "index": "pypi",
            "markers": "python_version >= '3.8'",
            "version": "==3.0.0"
        },
        "psycopg": {
            "hashes": [
                "sha256:31144d3fb4c17d78094d9e579826f047d4af1da6a10427d91dfcfb6ecdf6f12b",
                "sha256:4d5a0a5a8590906daa58ebd5f3cfc34091377354a1acced269dd10faf55da60e"
            ],
            "index": "pypi",
            "markers": "python_version >= '3.7'",
            "version": "==3.1.18"
        },
        "python-dateutil": {
            "hashes": [
                "sha256:37dd54208da7e1cd875388217d5e00ebd4179249f90fb72437e91a35459a0ad3",
                "sha256:a8b2bc7bffae282281c8140a97d3aa9c14da0b136dfe83f850eea9a5f7470427"
            ],
            "markers": "python_version >= '2.7' and python_version not in '3.0, 3.1, 3.2, 3.3'",
            "version": "==2.9.0.post0"
        },
        "s3transfer": {
            "hashes": [
                "sha256:5683916b4c724f799e600f41dd9e10a9ff19871bf87623cc8f491cb4f5fa0a19",
                "sha256:ceb252b11bcf87080fb7850a224fb6e05c8a776bab8f2b64b7f25b969464839d"
            ],
            "markers": "python_version >= '3.8'",
            "version": "==0.10.1"
        },
        "six": {
            "hashes": [
                "sha256:1e61c37477a1626458e36f7b1d82aa5c9b094fa4802892072e49de9c60c4c926",
                "sha256:8abb2f1d86890a2dfb989f9a77cfcfd3e47c2a354b01111771326f8aa26e0254"
            ],
            "markers": "python_version >= '2.7' and python_version not in '3.0, 3.1, 3.2, 3.3'",
            "version": "==1.16.0"
        },
        "time-machine": {
            "hashes": [
                "sha256:0312b47f220e46f1bbfaded7fc1469882d9c2a27c6daf44e119aea7006b595cc",
                "sha256:06e913d570d7ee3e199e3316f10f10c8046287049141b0a101197712b4eac106",
                "sha256:0a39dba3033d9c28347d2db16bcb16041bbf4e9032e2b70023686b6f95deac9d",
                "sha256:0e120f95c17bf8e0c097fd8863a8eb24054f9b17d9b17c465694be50f8348a3a",
                "sha256:107caed387438d689180b692e8d84aa1ebe8918790df83dc5e2146e60e5e0859",
                "sha256:15cf3623a4ba2bb4fce4529295570acd5f6c6b44bcbfd1b8d0756ce56c38fe82",
                "sha256:19db257117739b2dda1d57e149bb715a593313899b3902a7e6d752c5f1d22542",
                "sha256:27f735cba4c6352ad7bc53ce2d86b715379261a634e690b79fac329081e26fb6",
                "sha256:2c774f4b603a36ca2611327c57aa8ce0d5042298da008238ee5234b31ce7b22c",
                "sha256:30a4a18357fa6cf089eeefcb37e9549b42523aebb5933894770a8919e6c398e1",
                "sha256:31e6e9bff89b7c6e4cbc169ba1d00d6c107b3abc43173b2799352b6995cf7cb2",
                "sha256:364353858708628655bf9fa4c2825febd679c729d9e1dd424ff86845828bac05",
                "sha256:36aa4f17adcd73a6064bf4991a29126cac93521f0690805edb91db837c4e1453",
                "sha256:39de6d37a14ff8882d4f1cbd50c53268b54e1cf4ef9be2bfe590d10a51ccd314",
                "sha256:39fceeb131e6c07b386de042ce1016be771576e9516124b78e75cbab94ae5041",
                "sha256:3b94274abe24b6a90d8a5c042167a9a7af2d3438b42ac8eb5ede50fbc73c08db",
                "sha256:416d94eab7723c7d8a37fe6b3b1882046fdbf3c31b9abec3cac87cf35dbb8230",
                "sha256:442d42f1b0ef006f03a5a34905829a1d3ac569a5bcda64d29706e6dc60832f94",
                "sha256:4f00f67d532da82538c4dfbbddc587e70c82664f168c11e1c2915d0c85ec2fc8",
                "sha256:528d588d1e8ba83e45319a74acab4be0569eb141113fdf50368045d0a7d79cee",
                "sha256:57dc7efc1dde4331902d1bdefd34e8ee890a5c28533157e3b14a429c86b39533",
                "sha256:59a02c3d3b3b29e2dc3a708e775c5d6b951b0024c4013fed883f0d2205305c9e",
                "sha256:5e19b19d20bfbff8c97949e06e150998cf9d0a676e1641fb90597e59a9d7d5e2",
                "sha256:5f3d5c21884aee10e13b00ef45fab893a43db9d59ec27271573528bd359b0ef5",
                "sha256:6706eb06487354a5e219cacea709fb3ec44dec3842c6218237d5069fa5f1ad64",
                "sha256:6ced9de5eff1fb37efb12984ab7b63f31f0aeadeedec4be6d0404ec4fa91f2e7",
                "sha256:7161cea2ff3244cc6075e365fab89000df70ead63a3da9d473983d580558d2de",
                "sha256:72a153b085b4aee652d6b3bf9019ca897f1597ba9869b640b06f28736b267182",
                "sha256:7fd7d188b4f9d358c6bd477daf93b460d9b244a4c296ddd065945f2b6193c2bd",
                "sha256:87e80408e6b6670e9ce33f94b1cc6b72b1a9b646f5e19f586908129871f74b40",
                "sha256:90725f936ad8b123149bc82a46394dd7057e63157ee11ba878164053fa5bd8ad",
                "sha256:993ab140eb5678d1ee7f1197f08e4499dc8ea883ad6b8858737de70d509ec5b5",
                "sha256:99e6f013e67c4f74a9d8f57e34173b2047f2ad48f764e44c38f3ee5344a38c01",
                "sha256:a75e24e59f58059bbbc50e7f97aa6d126bbc2f603a8a5cd1e884beffcf130d8f",
                "sha256:a927d87501da8b053a27e80f5d0e1e58fbde4b50d70df2d3853ed67e89a731cf",
                "sha256:adfbfa796dd96383400b44681eacc5ab06d3cbfad39c30878e5ead0bfdca808a",
                "sha256:b0f8ba70fbb71d7fbc6d6adb90bed72a83db15b3318c7af0060467539b2f1b63",
                "sha256:b951b6f4b8a752ab8c441df422e21954a721a0a5276aa3814ce8cf7205aeb6da",
                "sha256:bb3a2518c52aa944989b541e5297b833388eb3fe72d91eb875b21fe771597b04",
                "sha256:be215eb63d74a3d580f7924bb4209c783fabcfb3253073f4dcb3424d57d0f518",
                "sha256:c69c0cb498c86ef843cd15964714e76465cc25d64464da57d5d1318f499de099",
                "sha256:c77a616561dd4c7c442e9eee8cbb915750496e9a5a7fca6bcb11a9860226d2d0",
                "sha256:cab4abf4d1490a7da35db5a321ff8a4d4a2195f4832a792c75b626ffc4a5584c",
                "sha256:d45bd60bea85869615b117667f10a821e3b0d3603c47bfd105b45d1f67156fc8",
                "sha256:d63ef00d389fa6d2c76c863af580b3e4a8f0ccc6a9aea8e64590588e37f13c00",
                "sha256:dc48d3934109b0bdbbdc5e9ce577213f7148a92fed378420ee13453503fe4db9",
                "sha256:dd26039a9ffea2d5ee1309f2ec9b656d4925371c65563822d52e4037a4186eca",
                "sha256:ddbbba954e9a409e7d66d60df2b6b8daeb897f8338f909a92d9d20e431ec70d1",
                "sha256:e030d2051bb515251d7f6edd9bbcf79b2b47811e2c402aba9c126af713843d26",
                "sha256:e7fa70a6bdca40cc4a8386fd85bc1bae0a23ab11e49604ef853ab3ce92be127f",
                "sha256:edea570f3835a036e8860bb8d6eb8d08473c59313db86e36e3b207f796fd7b14",
                "sha256:ee68597bd3fa5ab94633c8a9d3ebd4032091559610e078381818a732910002bc",
                "sha256:f5d371a5218318121a6b44c21438258b6408b8bfe7ccccb754cf8eb880505576",
                "sha256:fb467d6c9e9ab615c8cf22d751d34296dacf801be323a57adeb4ff345cf72473",
                "sha256:fd8645b820f7895fdafbc4412d1ce376956e36ad4fd05a43269aa06c3132afc3",
                "sha256:fe508a6c43fb72fa4f66b50b14684cf58d3db95fed617177ec197a7a90427bae"
            ],
            "markers": "implementation_name != 'pypy'",
            "version": "==2.14.1"
        },
        "typing-extensions": {
            "hashes": [
                "sha256:69b1a937c3a517342112fb4c6df7e72fc39a38e7891a5730ed4985b5214b5475",
                "sha256:b0abd7c89e8fb96f98db18d86106ff1d90ab692004eb746cf6eda2682f91b3cb"
            ],
            "markers": "python_version >= '3.8'",
            "version": "==4.10.0"
        },
        "tzdata": {
            "hashes": [
                "sha256:2674120f8d891909751c38abcdfd386ac0a5a1127954fbc332af6b5ceae07efd",
                "sha256:9068bc196136463f5245e51efda838afa15aaeca9903f49050dfa2679db4d252"
            ],
            "markers": "python_version >= '2'",
            "version": "==2024.1"
        },
        "urllib3": {
            "hashes": [
                "sha256:450b20ec296a467077128bff42b73080516e71b56ff59a60a02bef2232c4fa9d",
                "sha256:d0570876c61ab9e520d776c38acbbb5b05a776d3f9ff98a5c8fd5162a444cf19"
            ],
            "markers": "python_version >= '3.10'",
            "version": "==2.2.1"
        }
    },
    "develop": {
        "black": {
            "hashes": [
                "sha256:2818cf72dfd5d289e48f37ccfa08b460bf469e67fb7c4abb07edc2e9f16fb63f",
                "sha256:41622020d7120e01d377f74249e677039d20e6344ff5851de8a10f11f513bf93",
                "sha256:4acf672def7eb1725f41f38bf6bf425c8237248bb0804faa3965c036f7672d11",
                "sha256:4be5bb28e090456adfc1255e03967fb67ca846a03be7aadf6249096100ee32d0",
                "sha256:4f1373a7808a8f135b774039f61d59e4be7eb56b2513d3d2f02a8b9365b8a8a9",
                "sha256:56f52cfbd3dabe2798d76dbdd299faa046a901041faf2cf33288bc4e6dae57b5",
                "sha256:65b76c275e4c1c5ce6e9870911384bff5ca31ab63d19c76811cb1fb162678213",
                "sha256:65c02e4ea2ae09d16314d30912a58ada9a5c4fdfedf9512d23326128ac08ac3d",
                "sha256:6905238a754ceb7788a73f02b45637d820b2f5478b20fec82ea865e4f5d4d9f7",
                "sha256:79dcf34b33e38ed1b17434693763301d7ccbd1c5860674a8f871bd15139e7837",
                "sha256:7bb041dca0d784697af4646d3b62ba4a6b028276ae878e53f6b4f74ddd6db99f",
                "sha256:7d5e026f8da0322b5662fa7a8e752b3fa2dac1c1cbc213c3d7ff9bdd0ab12395",
                "sha256:9f50ea1132e2189d8dff0115ab75b65590a3e97de1e143795adb4ce317934995",
                "sha256:a0c9c4a0771afc6919578cec71ce82a3e31e054904e7197deacbc9382671c41f",
                "sha256:aadf7a02d947936ee418777e0247ea114f78aff0d0959461057cae8a04f20597",
                "sha256:b5991d523eee14756f3c8d5df5231550ae8993e2286b8014e2fdea7156ed0959",
                "sha256:bf21b7b230718a5f08bd32d5e4f1db7fc8788345c8aea1d155fc17852b3410f5",
                "sha256:c45f8dff244b3c431b36e3224b6be4a127c6aca780853574c00faf99258041eb",
                "sha256:c7ed6668cbbfcd231fa0dc1b137d3e40c04c7f786e626b405c62bcd5db5857e4",
                "sha256:d7de8d330763c66663661a1ffd432274a2f92f07feeddd89ffd085b5744f85e7",
                "sha256:e19cb1c6365fd6dc38a6eae2dcb691d7d83935c10215aef8e6c38edee3f77abd",
                "sha256:e2af80566f43c85f5797365077fb64a393861a3730bd110971ab7a0c94e873e7"
            ],
            "index": "pypi",
            "markers": "python_version >= '3.8'",
            "version": "==24.3.0"
        },
        "click": {
            "hashes": [
                "sha256:ae74fb96c20a0277a1d615f1e4d73c8414f5a98db8b799a7931d1582f3390c28",
                "sha256:ca9853ad459e787e2192211578cc907e7594e294c7ccc834310722b41b9ca6de"
            ],
            "markers": "python_version >= '3.7'",
            "version": "==8.1.7"
        },
        "flake8": {
            "hashes": [
                "sha256:33f96621059e65eec474169085dc92bf26e7b2d47366b70be2f67ab80dc25132",
                "sha256:a6dfbb75e03252917f2473ea9653f7cd799c3064e54d4c8140044c5c065f53c3"
            ],
            "index": "pypi",
            "markers": "python_full_version >= '3.8.1'",
            "version": "==7.0.0"
        },
        "mccabe": {
            "hashes": [
                "sha256:348e0240c33b60bbdf4e523192ef919f28cb2c3d7d5c7794f74009290f236325",
                "sha256:6c2d30ab6be0e4a46919781807b4f0d834ebdd6c6e3dca0bda5a15f863427b6e"
            ],
            "markers": "python_version >= '3.6'",
            "version": "==0.7.0"
        },
        "mypy-extensions": {
            "hashes": [
                "sha256:4392f6c0eb8a5668a69e23d168ffa70f0be9ccfd32b5cc2d26a34ae5b844552d",
                "sha256:75dbf8955dc00442a438fc4d0666508a9a97b6bd41aa2f0ffe9d2f2725af0782"
            ],
            "markers": "python_version >= '3.5'",
            "version": "==1.0.0"
        },
        "packaging": {
            "hashes": [
                "sha256:2ddfb553fdf02fb784c234c7ba6ccc288296ceabec964ad2eae3777778130bc5",
                "sha256:eb82c5e3e56209074766e6885bb04b8c38a0c015d0a30036ebe7ece34c9989e9"
            ],
            "markers": "python_version >= '3.7'",
            "version": "==24.0"
        },
        "pathspec": {
            "hashes": [
                "sha256:a0d503e138a4c123b27490a4f7beda6a01c6f288df0e4a8b79c7eb0dc7b4cc08",
                "sha256:a482d51503a1ab33b1c67a6c3813a26953dbdc71c31dacaef9a838c4e29f5712"
            ],
            "markers": "python_version >= '3.8'",
            "version": "==0.12.1"
        },
        "platformdirs": {
            "hashes": [
                "sha256:0614df2a2f37e1a662acbd8e2b25b92ccf8632929bc6d43467e17fe89c75e068",
                "sha256:ef0cc731df711022c174543cb70a9b5bd22e5a9337c8624ef2c2ceb8ddad8768"
            ],
            "markers": "python_version >= '3.8'",
            "version": "==4.2.0"
        },
        "pycodestyle": {
            "hashes": [
                "sha256:41ba0e7afc9752dfb53ced5489e89f8186be00e599e712660695b7a75ff2663f",
                "sha256:44fe31000b2d866f2e41841b18528a505fbd7fef9017b04eff4e2648a0fadc67"
            ],
            "markers": "python_version >= '3.8'",
            "version": "==2.11.1"
        },
        "pyflakes": {
            "hashes": [
                "sha256:1c61603ff154621fb2a9172037d84dca3500def8c8b630657d1701f026f8af3f",
                "sha256:84b5be138a2dfbb40689ca07e2152deb896a65c3a3e24c251c5c62489568074a"
            ],
            "markers": "python_version >= '3.8'",
            "version": "==3.2.0"
        }
    }
}
